// !$*UTF8*$!
{
	archiveVersion = 1;
	classes = {
	};
	objectVersion = 51;
	objects = {

/* Begin PBXBuildFile section */
		8E2E73A6F31D8C546C5A3C75 /* Pods_VestelCarShowTests.framework in Frameworks */ = {isa = PBXBuildFile; fileRef = 9A191F1A1E4760F75B88F025 /* Pods_VestelCarShowTests.framework */; };
		DAB9572311E385FBCC297185 /* Pods_VestelCarShow.framework in Frameworks */ = {isa = PBXBuildFile; fileRef = 122CF5E06BC66AF215F871DA /* Pods_VestelCarShow.framework */; };
		F113E1A9B4965074EAA38190 /* Pods_VestelCarShow_VestelCarShowUITests.framework in Frameworks */ = {isa = PBXBuildFile; fileRef = F7D2D327A312FAB127FF22E2 /* Pods_VestelCarShow_VestelCarShowUITests.framework */; };
		FF40CF53263A18F900D6B673 /* AppDelegate.swift in Sources */ = {isa = PBXBuildFile; fileRef = FF40CF52263A18F900D6B673 /* AppDelegate.swift */; };
		FF40CF57263A18F900D6B673 /* HomeController.swift in Sources */ = {isa = PBXBuildFile; fileRef = FF40CF56263A18F900D6B673 /* HomeController.swift */; };
		FF40CF5A263A18F900D6B673 /* Main.storyboard in Resources */ = {isa = PBXBuildFile; fileRef = FF40CF58263A18F900D6B673 /* Main.storyboard */; };
		FF40CF5C263A18FD00D6B673 /* Assets.xcassets in Resources */ = {isa = PBXBuildFile; fileRef = FF40CF5B263A18FD00D6B673 /* Assets.xcassets */; };
		FF40CF5F263A18FD00D6B673 /* LaunchScreen.storyboard in Resources */ = {isa = PBXBuildFile; fileRef = FF40CF5D263A18FD00D6B673 /* LaunchScreen.storyboard */; };
		FF40CF6A263A18FD00D6B673 /* VestelCarShowTests.swift in Sources */ = {isa = PBXBuildFile; fileRef = FF40CF69263A18FD00D6B673 /* VestelCarShowTests.swift */; };
		FF40CF75263A18FD00D6B673 /* VestelCarShowUITests.swift in Sources */ = {isa = PBXBuildFile; fileRef = FF40CF74263A18FD00D6B673 /* VestelCarShowUITests.swift */; };
		FF40CF83263A1B7C00D6B673 /* GoogleService-Info.plist in Resources */ = {isa = PBXBuildFile; fileRef = FF40CF82263A1B7C00D6B673 /* GoogleService-Info.plist */; };
		FF40CF87263A26E900D6B673 /* Constants.swift in Sources */ = {isa = PBXBuildFile; fileRef = FF40CF86263A26E900D6B673 /* Constants.swift */; };
		FF40CF89263A26FB00D6B673 /* Extensions.swift in Sources */ = {isa = PBXBuildFile; fileRef = FF40CF88263A26FB00D6B673 /* Extensions.swift */; };
		FF40CF8B263A270C00D6B673 /* LoginController.swift in Sources */ = {isa = PBXBuildFile; fileRef = FF40CF8A263A270C00D6B673 /* LoginController.swift */; };
		FF40CF8D263A271A00D6B673 /* SignUpController.swift in Sources */ = {isa = PBXBuildFile; fileRef = FF40CF8C263A271A00D6B673 /* SignUpController.swift */; };
/* End PBXBuildFile section */

/* Begin PBXContainerItemProxy section */
		FF40CF66263A18FD00D6B673 /* PBXContainerItemProxy */ = {
			isa = PBXContainerItemProxy;
			containerPortal = FF40CF47263A18F900D6B673 /* Project object */;
			proxyType = 1;
			remoteGlobalIDString = FF40CF4E263A18F900D6B673;
			remoteInfo = VestelCarShow;
		};
		FF40CF71263A18FD00D6B673 /* PBXContainerItemProxy */ = {
			isa = PBXContainerItemProxy;
			containerPortal = FF40CF47263A18F900D6B673 /* Project object */;
			proxyType = 1;
			remoteGlobalIDString = FF40CF4E263A18F900D6B673;
			remoteInfo = VestelCarShow;
		};
/* End PBXContainerItemProxy section */

/* Begin PBXFileReference section */
		122CF5E06BC66AF215F871DA /* Pods_VestelCarShow.framework */ = {isa = PBXFileReference; explicitFileType = wrapper.framework; includeInIndex = 0; path = Pods_VestelCarShow.framework; sourceTree = BUILT_PRODUCTS_DIR; };
		5F9CC136E5592CE18155C0DF /* Pods-VestelCarShow-VestelCarShowUITests.release.xcconfig */ = {isa = PBXFileReference; includeInIndex = 1; lastKnownFileType = text.xcconfig; name = "Pods-VestelCarShow-VestelCarShowUITests.release.xcconfig"; path = "Target Support Files/Pods-VestelCarShow-VestelCarShowUITests/Pods-VestelCarShow-VestelCarShowUITests.release.xcconfig"; sourceTree = "<group>"; };
		75987D5D96CF9641201DF8DF /* Pods-VestelCarShow.release.xcconfig */ = {isa = PBXFileReference; includeInIndex = 1; lastKnownFileType = text.xcconfig; name = "Pods-VestelCarShow.release.xcconfig"; path = "Target Support Files/Pods-VestelCarShow/Pods-VestelCarShow.release.xcconfig"; sourceTree = "<group>"; };
		9A191F1A1E4760F75B88F025 /* Pods_VestelCarShowTests.framework */ = {isa = PBXFileReference; explicitFileType = wrapper.framework; includeInIndex = 0; path = Pods_VestelCarShowTests.framework; sourceTree = BUILT_PRODUCTS_DIR; };
		D4D85944B6BD4BE04C37D839 /* Pods-VestelCarShow-VestelCarShowUITests.debug.xcconfig */ = {isa = PBXFileReference; includeInIndex = 1; lastKnownFileType = text.xcconfig; name = "Pods-VestelCarShow-VestelCarShowUITests.debug.xcconfig"; path = "Target Support Files/Pods-VestelCarShow-VestelCarShowUITests/Pods-VestelCarShow-VestelCarShowUITests.debug.xcconfig"; sourceTree = "<group>"; };
		E7BD37B7C1C3D69358B90BDC /* Pods-VestelCarShowTests.release.xcconfig */ = {isa = PBXFileReference; includeInIndex = 1; lastKnownFileType = text.xcconfig; name = "Pods-VestelCarShowTests.release.xcconfig"; path = "Target Support Files/Pods-VestelCarShowTests/Pods-VestelCarShowTests.release.xcconfig"; sourceTree = "<group>"; };
		EBA095D287A797ECE6561AAD /* Pods-VestelCarShow.debug.xcconfig */ = {isa = PBXFileReference; includeInIndex = 1; lastKnownFileType = text.xcconfig; name = "Pods-VestelCarShow.debug.xcconfig"; path = "Target Support Files/Pods-VestelCarShow/Pods-VestelCarShow.debug.xcconfig"; sourceTree = "<group>"; };
		EE226D2C72A943EEFE5FE8AD /* Pods-VestelCarShowTests.debug.xcconfig */ = {isa = PBXFileReference; includeInIndex = 1; lastKnownFileType = text.xcconfig; name = "Pods-VestelCarShowTests.debug.xcconfig"; path = "Target Support Files/Pods-VestelCarShowTests/Pods-VestelCarShowTests.debug.xcconfig"; sourceTree = "<group>"; };
		F7D2D327A312FAB127FF22E2 /* Pods_VestelCarShow_VestelCarShowUITests.framework */ = {isa = PBXFileReference; explicitFileType = wrapper.framework; includeInIndex = 0; path = Pods_VestelCarShow_VestelCarShowUITests.framework; sourceTree = BUILT_PRODUCTS_DIR; };
		FF40CF4F263A18F900D6B673 /* VestelCarShow.app */ = {isa = PBXFileReference; explicitFileType = wrapper.application; includeInIndex = 0; path = VestelCarShow.app; sourceTree = BUILT_PRODUCTS_DIR; };
		FF40CF52263A18F900D6B673 /* AppDelegate.swift */ = {isa = PBXFileReference; lastKnownFileType = sourcecode.swift; path = AppDelegate.swift; sourceTree = "<group>"; };
		FF40CF56263A18F900D6B673 /* HomeController.swift */ = {isa = PBXFileReference; lastKnownFileType = sourcecode.swift; path = HomeController.swift; sourceTree = "<group>"; };
		FF40CF59263A18F900D6B673 /* Base */ = {isa = PBXFileReference; lastKnownFileType = file.storyboard; name = Base; path = Base.lproj/Main.storyboard; sourceTree = "<group>"; };
		FF40CF5B263A18FD00D6B673 /* Assets.xcassets */ = {isa = PBXFileReference; lastKnownFileType = folder.assetcatalog; path = Assets.xcassets; sourceTree = "<group>"; };
		FF40CF5E263A18FD00D6B673 /* Base */ = {isa = PBXFileReference; lastKnownFileType = file.storyboard; name = Base; path = Base.lproj/LaunchScreen.storyboard; sourceTree = "<group>"; };
		FF40CF60263A18FD00D6B673 /* Info.plist */ = {isa = PBXFileReference; lastKnownFileType = text.plist.xml; path = Info.plist; sourceTree = "<group>"; };
		FF40CF65263A18FD00D6B673 /* VestelCarShowTests.xctest */ = {isa = PBXFileReference; explicitFileType = wrapper.cfbundle; includeInIndex = 0; path = VestelCarShowTests.xctest; sourceTree = BUILT_PRODUCTS_DIR; };
		FF40CF69263A18FD00D6B673 /* VestelCarShowTests.swift */ = {isa = PBXFileReference; lastKnownFileType = sourcecode.swift; path = VestelCarShowTests.swift; sourceTree = "<group>"; };
		FF40CF6B263A18FD00D6B673 /* Info.plist */ = {isa = PBXFileReference; lastKnownFileType = text.plist.xml; path = Info.plist; sourceTree = "<group>"; };
		FF40CF70263A18FD00D6B673 /* VestelCarShowUITests.xctest */ = {isa = PBXFileReference; explicitFileType = wrapper.cfbundle; includeInIndex = 0; path = VestelCarShowUITests.xctest; sourceTree = BUILT_PRODUCTS_DIR; };
		FF40CF74263A18FD00D6B673 /* VestelCarShowUITests.swift */ = {isa = PBXFileReference; lastKnownFileType = sourcecode.swift; path = VestelCarShowUITests.swift; sourceTree = "<group>"; };
		FF40CF76263A18FD00D6B673 /* Info.plist */ = {isa = PBXFileReference; lastKnownFileType = text.plist.xml; path = Info.plist; sourceTree = "<group>"; };
		FF40CF82263A1B7C00D6B673 /* GoogleService-Info.plist */ = {isa = PBXFileReference; fileEncoding = 4; lastKnownFileType = text.plist.xml; path = "GoogleService-Info.plist"; sourceTree = "<group>"; };
		FF40CF86263A26E900D6B673 /* Constants.swift */ = {isa = PBXFileReference; lastKnownFileType = sourcecode.swift; path = Constants.swift; sourceTree = "<group>"; };
		FF40CF88263A26FB00D6B673 /* Extensions.swift */ = {isa = PBXFileReference; lastKnownFileType = sourcecode.swift; path = Extensions.swift; sourceTree = "<group>"; };
		FF40CF8A263A270C00D6B673 /* LoginController.swift */ = {isa = PBXFileReference; lastKnownFileType = sourcecode.swift; path = LoginController.swift; sourceTree = "<group>"; };
		FF40CF8C263A271A00D6B673 /* SignUpController.swift */ = {isa = PBXFileReference; lastKnownFileType = sourcecode.swift; path = SignUpController.swift; sourceTree = "<group>"; };
/* End PBXFileReference section */

/* Begin PBXFrameworksBuildPhase section */
		FF40CF4C263A18F900D6B673 /* Frameworks */ = {
			isa = PBXFrameworksBuildPhase;
			buildActionMask = 2147483647;
			files = (
				DAB9572311E385FBCC297185 /* Pods_VestelCarShow.framework in Frameworks */,
			);
			runOnlyForDeploymentPostprocessing = 0;
		};
		FF40CF62263A18FD00D6B673 /* Frameworks */ = {
			isa = PBXFrameworksBuildPhase;
			buildActionMask = 2147483647;
			files = (
				8E2E73A6F31D8C546C5A3C75 /* Pods_VestelCarShowTests.framework in Frameworks */,
			);
			runOnlyForDeploymentPostprocessing = 0;
		};
		FF40CF6D263A18FD00D6B673 /* Frameworks */ = {
			isa = PBXFrameworksBuildPhase;
			buildActionMask = 2147483647;
			files = (
				F113E1A9B4965074EAA38190 /* Pods_VestelCarShow_VestelCarShowUITests.framework in Frameworks */,
			);
			runOnlyForDeploymentPostprocessing = 0;
		};
/* End PBXFrameworksBuildPhase section */

/* Begin PBXGroup section */
		7A192D7D9696F4E5D6E1C05E /* Frameworks */ = {
			isa = PBXGroup;
			children = (
				122CF5E06BC66AF215F871DA /* Pods_VestelCarShow.framework */,
				F7D2D327A312FAB127FF22E2 /* Pods_VestelCarShow_VestelCarShowUITests.framework */,
				9A191F1A1E4760F75B88F025 /* Pods_VestelCarShowTests.framework */,
			);
			name = Frameworks;
			sourceTree = "<group>";
		};
		DE3195DF05AF247EDD9C486E /* Pods */ = {
			isa = PBXGroup;
			children = (
				EBA095D287A797ECE6561AAD /* Pods-VestelCarShow.debug.xcconfig */,
				75987D5D96CF9641201DF8DF /* Pods-VestelCarShow.release.xcconfig */,
				D4D85944B6BD4BE04C37D839 /* Pods-VestelCarShow-VestelCarShowUITests.debug.xcconfig */,
				5F9CC136E5592CE18155C0DF /* Pods-VestelCarShow-VestelCarShowUITests.release.xcconfig */,
				EE226D2C72A943EEFE5FE8AD /* Pods-VestelCarShowTests.debug.xcconfig */,
				E7BD37B7C1C3D69358B90BDC /* Pods-VestelCarShowTests.release.xcconfig */,
			);
			path = Pods;
			sourceTree = "<group>";
		};
		FF40CF46263A18F900D6B673 = {
			isa = PBXGroup;
			children = (
				FF40CF51263A18F900D6B673 /* VestelCarShow */,
				FF40CF68263A18FD00D6B673 /* VestelCarShowTests */,
				FF40CF73263A18FD00D6B673 /* VestelCarShowUITests */,
				FF40CF50263A18F900D6B673 /* Products */,
				DE3195DF05AF247EDD9C486E /* Pods */,
				7A192D7D9696F4E5D6E1C05E /* Frameworks */,
			);
			sourceTree = "<group>";
		};
		FF40CF50263A18F900D6B673 /* Products */ = {
			isa = PBXGroup;
			children = (
				FF40CF4F263A18F900D6B673 /* VestelCarShow.app */,
				FF40CF65263A18FD00D6B673 /* VestelCarShowTests.xctest */,
				FF40CF70263A18FD00D6B673 /* VestelCarShowUITests.xctest */,
			);
			name = Products;
			sourceTree = "<group>";
		};
		FF40CF51263A18F900D6B673 /* VestelCarShow */ = {
			isa = PBXGroup;
			children = (
				FF40CF52263A18F900D6B673 /* AppDelegate.swift */,
				FF40CF84263A26CA00D6B673 /* Extensions */,
				FF40CF85263A26D300D6B673 /* Controllers */,
				FF40CF58263A18F900D6B673 /* Main.storyboard */,
				FF40CF5B263A18FD00D6B673 /* Assets.xcassets */,
				FF40CF5D263A18FD00D6B673 /* LaunchScreen.storyboard */,
				FF40CF82263A1B7C00D6B673 /* GoogleService-Info.plist */,
				FF40CF60263A18FD00D6B673 /* Info.plist */,
			);
			path = VestelCarShow;
			sourceTree = "<group>";
		};
		FF40CF68263A18FD00D6B673 /* VestelCarShowTests */ = {
			isa = PBXGroup;
			children = (
				FF40CF69263A18FD00D6B673 /* VestelCarShowTests.swift */,
				FF40CF6B263A18FD00D6B673 /* Info.plist */,
			);
			path = VestelCarShowTests;
			sourceTree = "<group>";
		};
		FF40CF73263A18FD00D6B673 /* VestelCarShowUITests */ = {
			isa = PBXGroup;
			children = (
				FF40CF74263A18FD00D6B673 /* VestelCarShowUITests.swift */,
				FF40CF76263A18FD00D6B673 /* Info.plist */,
			);
			path = VestelCarShowUITests;
			sourceTree = "<group>";
		};
		FF40CF84263A26CA00D6B673 /* Extensions */ = {
			isa = PBXGroup;
			children = (
				FF40CF86263A26E900D6B673 /* Constants.swift */,
				FF40CF88263A26FB00D6B673 /* Extensions.swift */,
			);
			path = Extensions;
			sourceTree = "<group>";
		};
		FF40CF85263A26D300D6B673 /* Controllers */ = {
			isa = PBXGroup;
			children = (
				FF40CF8E263A297300D6B673 /* Authentication */,
				FF40CF56263A18F900D6B673 /* HomeController.swift */,
			);
			path = Controllers;
			sourceTree = "<group>";
		};
		FF40CF8E263A297300D6B673 /* Authentication */ = {
			isa = PBXGroup;
			children = (
				FF40CF8A263A270C00D6B673 /* LoginController.swift */,
				FF40CF8C263A271A00D6B673 /* SignUpController.swift */,
			);
			path = Authentication;
			sourceTree = "<group>";
		};
/* End PBXGroup section */

/* Begin PBXNativeTarget section */
		FF40CF4E263A18F900D6B673 /* VestelCarShow */ = {
			isa = PBXNativeTarget;
			buildConfigurationList = FF40CF79263A18FD00D6B673 /* Build configuration list for PBXNativeTarget "VestelCarShow" */;
			buildPhases = (
				A55063F421FA597A6D355793 /* [CP] Check Pods Manifest.lock */,
				FF40CF4B263A18F900D6B673 /* Sources */,
				FF40CF4C263A18F900D6B673 /* Frameworks */,
				FF40CF4D263A18F900D6B673 /* Resources */,
				D77D12AA36830BBE6288B5CF /* [CP] Embed Pods Frameworks */,
				55389F0FE93704D040320BA0 /* [CP] Copy Pods Resources */,
				FF40CF8F263A2B9300D6B673 /* ShellScript */,
			);
			buildRules = (
			);
			dependencies = (
			);
			name = VestelCarShow;
			productName = VestelCarShow;
			productReference = FF40CF4F263A18F900D6B673 /* VestelCarShow.app */;
			productType = "com.apple.product-type.application";
		};
		FF40CF64263A18FD00D6B673 /* VestelCarShowTests */ = {
			isa = PBXNativeTarget;
			buildConfigurationList = FF40CF7C263A18FD00D6B673 /* Build configuration list for PBXNativeTarget "VestelCarShowTests" */;
			buildPhases = (
				73923AD014EAC0A25884EFE3 /* [CP] Check Pods Manifest.lock */,
				FF40CF61263A18FD00D6B673 /* Sources */,
				FF40CF62263A18FD00D6B673 /* Frameworks */,
				FF40CF63263A18FD00D6B673 /* Resources */,
			);
			buildRules = (
			);
			dependencies = (
				FF40CF67263A18FD00D6B673 /* PBXTargetDependency */,
			);
			name = VestelCarShowTests;
			productName = VestelCarShowTests;
			productReference = FF40CF65263A18FD00D6B673 /* VestelCarShowTests.xctest */;
			productType = "com.apple.product-type.bundle.unit-test";
		};
		FF40CF6F263A18FD00D6B673 /* VestelCarShowUITests */ = {
			isa = PBXNativeTarget;
			buildConfigurationList = FF40CF7F263A18FD00D6B673 /* Build configuration list for PBXNativeTarget "VestelCarShowUITests" */;
			buildPhases = (
				9875C398DD2051E6D3A0A52E /* [CP] Check Pods Manifest.lock */,
				FF40CF6C263A18FD00D6B673 /* Sources */,
				FF40CF6D263A18FD00D6B673 /* Frameworks */,
				FF40CF6E263A18FD00D6B673 /* Resources */,
				7D0A3D004A0CE3C1385D706C /* [CP] Embed Pods Frameworks */,
				13E77EDEEB59F486AD80BA67 /* [CP] Copy Pods Resources */,
			);
			buildRules = (
			);
			dependencies = (
				FF40CF72263A18FD00D6B673 /* PBXTargetDependency */,
			);
			name = VestelCarShowUITests;
			productName = VestelCarShowUITests;
			productReference = FF40CF70263A18FD00D6B673 /* VestelCarShowUITests.xctest */;
			productType = "com.apple.product-type.bundle.ui-testing";
		};
/* End PBXNativeTarget section */

/* Begin PBXProject section */
		FF40CF47263A18F900D6B673 /* Project object */ = {
			isa = PBXProject;
			attributes = {
				LastSwiftUpdateCheck = 1250;
				LastUpgradeCheck = 1250;
				TargetAttributes = {
					FF40CF4E263A18F900D6B673 = {
						CreatedOnToolsVersion = 12.5;
					};
					FF40CF64263A18FD00D6B673 = {
						CreatedOnToolsVersion = 12.5;
						TestTargetID = FF40CF4E263A18F900D6B673;
					};
					FF40CF6F263A18FD00D6B673 = {
						CreatedOnToolsVersion = 12.5;
						TestTargetID = FF40CF4E263A18F900D6B673;
					};
				};
			};
			buildConfigurationList = FF40CF4A263A18F900D6B673 /* Build configuration list for PBXProject "VestelCarShow" */;
			compatibilityVersion = "Xcode 9.3";
			developmentRegion = en;
			hasScannedForEncodings = 0;
			knownRegions = (
				en,
				Base,
			);
			mainGroup = FF40CF46263A18F900D6B673;
			productRefGroup = FF40CF50263A18F900D6B673 /* Products */;
			projectDirPath = "";
			projectRoot = "";
			targets = (
				FF40CF4E263A18F900D6B673 /* VestelCarShow */,
				FF40CF64263A18FD00D6B673 /* VestelCarShowTests */,
				FF40CF6F263A18FD00D6B673 /* VestelCarShowUITests */,
			);
		};
/* End PBXProject section */

/* Begin PBXResourcesBuildPhase section */
		FF40CF4D263A18F900D6B673 /* Resources */ = {
			isa = PBXResourcesBuildPhase;
			buildActionMask = 2147483647;
			files = (
				FF40CF5F263A18FD00D6B673 /* LaunchScreen.storyboard in Resources */,
				FF40CF83263A1B7C00D6B673 /* GoogleService-Info.plist in Resources */,
				FF40CF5C263A18FD00D6B673 /* Assets.xcassets in Resources */,
				FF40CF5A263A18F900D6B673 /* Main.storyboard in Resources */,
			);
			runOnlyForDeploymentPostprocessing = 0;
		};
		FF40CF63263A18FD00D6B673 /* Resources */ = {
			isa = PBXResourcesBuildPhase;
			buildActionMask = 2147483647;
			files = (
			);
			runOnlyForDeploymentPostprocessing = 0;
		};
		FF40CF6E263A18FD00D6B673 /* Resources */ = {
			isa = PBXResourcesBuildPhase;
			buildActionMask = 2147483647;
			files = (
			);
			runOnlyForDeploymentPostprocessing = 0;
		};
/* End PBXResourcesBuildPhase section */

/* Begin PBXShellScriptBuildPhase section */
		13E77EDEEB59F486AD80BA67 /* [CP] Copy Pods Resources */ = {
			isa = PBXShellScriptBuildPhase;
			buildActionMask = 2147483647;
			files = (
			);
			inputFileListPaths = (
				"${PODS_ROOT}/Target Support Files/Pods-VestelCarShow-VestelCarShowUITests/Pods-VestelCarShow-VestelCarShowUITests-resources-${CONFIGURATION}-input-files.xcfilelist",
			);
			name = "[CP] Copy Pods Resources";
			outputFileListPaths = (
				"${PODS_ROOT}/Target Support Files/Pods-VestelCarShow-VestelCarShowUITests/Pods-VestelCarShow-VestelCarShowUITests-resources-${CONFIGURATION}-output-files.xcfilelist",
			);
			runOnlyForDeploymentPostprocessing = 0;
			shellPath = /bin/sh;
			shellScript = "\"${PODS_ROOT}/Target Support Files/Pods-VestelCarShow-VestelCarShowUITests/Pods-VestelCarShow-VestelCarShowUITests-resources.sh\"\n";
			showEnvVarsInLog = 0;
		};
		55389F0FE93704D040320BA0 /* [CP] Copy Pods Resources */ = {
			isa = PBXShellScriptBuildPhase;
			buildActionMask = 2147483647;
			files = (
			);
			inputFileListPaths = (
				"${PODS_ROOT}/Target Support Files/Pods-VestelCarShow/Pods-VestelCarShow-resources-${CONFIGURATION}-input-files.xcfilelist",
			);
			name = "[CP] Copy Pods Resources";
			outputFileListPaths = (
				"${PODS_ROOT}/Target Support Files/Pods-VestelCarShow/Pods-VestelCarShow-resources-${CONFIGURATION}-output-files.xcfilelist",
			);
			runOnlyForDeploymentPostprocessing = 0;
			shellPath = /bin/sh;
			shellScript = "\"${PODS_ROOT}/Target Support Files/Pods-VestelCarShow/Pods-VestelCarShow-resources.sh\"\n";
			showEnvVarsInLog = 0;
		};
		73923AD014EAC0A25884EFE3 /* [CP] Check Pods Manifest.lock */ = {
			isa = PBXShellScriptBuildPhase;
			buildActionMask = 2147483647;
			files = (
			);
			inputFileListPaths = (
			);
			inputPaths = (
				"${PODS_PODFILE_DIR_PATH}/Podfile.lock",
				"${PODS_ROOT}/Manifest.lock",
			);
			name = "[CP] Check Pods Manifest.lock";
			outputFileListPaths = (
			);
			outputPaths = (
				"$(DERIVED_FILE_DIR)/Pods-VestelCarShowTests-checkManifestLockResult.txt",
			);
			runOnlyForDeploymentPostprocessing = 0;
			shellPath = /bin/sh;
			shellScript = "diff \"${PODS_PODFILE_DIR_PATH}/Podfile.lock\" \"${PODS_ROOT}/Manifest.lock\" > /dev/null\nif [ $? != 0 ] ; then\n    # print error to STDERR\n    echo \"error: The sandbox is not in sync with the Podfile.lock. Run 'pod install' or update your CocoaPods installation.\" >&2\n    exit 1\nfi\n# This output is used by Xcode 'outputs' to avoid re-running this script phase.\necho \"SUCCESS\" > \"${SCRIPT_OUTPUT_FILE_0}\"\n";
			showEnvVarsInLog = 0;
		};
		7D0A3D004A0CE3C1385D706C /* [CP] Embed Pods Frameworks */ = {
			isa = PBXShellScriptBuildPhase;
			buildActionMask = 2147483647;
			files = (
			);
			inputFileListPaths = (
				"${PODS_ROOT}/Target Support Files/Pods-VestelCarShow-VestelCarShowUITests/Pods-VestelCarShow-VestelCarShowUITests-frameworks-${CONFIGURATION}-input-files.xcfilelist",
			);
			name = "[CP] Embed Pods Frameworks";
			outputFileListPaths = (
				"${PODS_ROOT}/Target Support Files/Pods-VestelCarShow-VestelCarShowUITests/Pods-VestelCarShow-VestelCarShowUITests-frameworks-${CONFIGURATION}-output-files.xcfilelist",
			);
			runOnlyForDeploymentPostprocessing = 0;
			shellPath = /bin/sh;
			shellScript = "\"${PODS_ROOT}/Target Support Files/Pods-VestelCarShow-VestelCarShowUITests/Pods-VestelCarShow-VestelCarShowUITests-frameworks.sh\"\n";
			showEnvVarsInLog = 0;
		};
		9875C398DD2051E6D3A0A52E /* [CP] Check Pods Manifest.lock */ = {
			isa = PBXShellScriptBuildPhase;
			buildActionMask = 2147483647;
			files = (
			);
			inputFileListPaths = (
			);
			inputPaths = (
				"${PODS_PODFILE_DIR_PATH}/Podfile.lock",
				"${PODS_ROOT}/Manifest.lock",
			);
			name = "[CP] Check Pods Manifest.lock";
			outputFileListPaths = (
			);
			outputPaths = (
				"$(DERIVED_FILE_DIR)/Pods-VestelCarShow-VestelCarShowUITests-checkManifestLockResult.txt",
			);
			runOnlyForDeploymentPostprocessing = 0;
			shellPath = /bin/sh;
			shellScript = "diff \"${PODS_PODFILE_DIR_PATH}/Podfile.lock\" \"${PODS_ROOT}/Manifest.lock\" > /dev/null\nif [ $? != 0 ] ; then\n    # print error to STDERR\n    echo \"error: The sandbox is not in sync with the Podfile.lock. Run 'pod install' or update your CocoaPods installation.\" >&2\n    exit 1\nfi\n# This output is used by Xcode 'outputs' to avoid re-running this script phase.\necho \"SUCCESS\" > \"${SCRIPT_OUTPUT_FILE_0}\"\n";
			showEnvVarsInLog = 0;
		};
		A55063F421FA597A6D355793 /* [CP] Check Pods Manifest.lock */ = {
			isa = PBXShellScriptBuildPhase;
			buildActionMask = 2147483647;
			files = (
			);
			inputFileListPaths = (
			);
			inputPaths = (
				"${PODS_PODFILE_DIR_PATH}/Podfile.lock",
				"${PODS_ROOT}/Manifest.lock",
			);
			name = "[CP] Check Pods Manifest.lock";
			outputFileListPaths = (
			);
			outputPaths = (
				"$(DERIVED_FILE_DIR)/Pods-VestelCarShow-checkManifestLockResult.txt",
			);
			runOnlyForDeploymentPostprocessing = 0;
			shellPath = /bin/sh;
			shellScript = "diff \"${PODS_PODFILE_DIR_PATH}/Podfile.lock\" \"${PODS_ROOT}/Manifest.lock\" > /dev/null\nif [ $? != 0 ] ; then\n    # print error to STDERR\n    echo \"error: The sandbox is not in sync with the Podfile.lock. Run 'pod install' or update your CocoaPods installation.\" >&2\n    exit 1\nfi\n# This output is used by Xcode 'outputs' to avoid re-running this script phase.\necho \"SUCCESS\" > \"${SCRIPT_OUTPUT_FILE_0}\"\n";
			showEnvVarsInLog = 0;
		};
		D77D12AA36830BBE6288B5CF /* [CP] Embed Pods Frameworks */ = {
			isa = PBXShellScriptBuildPhase;
			buildActionMask = 2147483647;
			files = (
			);
			inputFileListPaths = (
				"${PODS_ROOT}/Target Support Files/Pods-VestelCarShow/Pods-VestelCarShow-frameworks-${CONFIGURATION}-input-files.xcfilelist",
			);
			name = "[CP] Embed Pods Frameworks";
			outputFileListPaths = (
				"${PODS_ROOT}/Target Support Files/Pods-VestelCarShow/Pods-VestelCarShow-frameworks-${CONFIGURATION}-output-files.xcfilelist",
			);
			runOnlyForDeploymentPostprocessing = 0;
			shellPath = /bin/sh;
			shellScript = "\"${PODS_ROOT}/Target Support Files/Pods-VestelCarShow/Pods-VestelCarShow-frameworks.sh\"\n";
			showEnvVarsInLog = 0;
		};
		FF40CF8F263A2B9300D6B673 /* ShellScript */ = {
			isa = PBXShellScriptBuildPhase;
			buildActionMask = 2147483647;
			files = (
			);
			inputFileListPaths = (
			);
			inputPaths = (
				"${DWARF_DSYM_FOLDER_PATH}/${DWARF_DSYM_FILE_NAME}/Contents/Resources/DWARF/${TARGET_NAME}",
				"$(SRCROOT)/$(BUILT_PRODUCTS_DIR)/$(INFOPLIST_PATH)",
			);
			outputFileListPaths = (
			);
			outputPaths = (
			);
			runOnlyForDeploymentPostprocessing = 0;
			shellPath = /bin/sh;
			shellScript = "# Type a script or drag a script file from your workspace to insert its path.\n\"${PODS_ROOT}/FirebaseCrashlytics/run\"\n";
		};
/* End PBXShellScriptBuildPhase section */

/* Begin PBXSourcesBuildPhase section */
		FF40CF4B263A18F900D6B673 /* Sources */ = {
			isa = PBXSourcesBuildPhase;
			buildActionMask = 2147483647;
			files = (
				FF40CF89263A26FB00D6B673 /* Extensions.swift in Sources */,
				FF40CF8B263A270C00D6B673 /* LoginController.swift in Sources */,
				FF40CF8D263A271A00D6B673 /* SignUpController.swift in Sources */,
				FF40CF57263A18F900D6B673 /* HomeController.swift in Sources */,
				FF40CF53263A18F900D6B673 /* AppDelegate.swift in Sources */,
				FF40CF87263A26E900D6B673 /* Constants.swift in Sources */,
			);
			runOnlyForDeploymentPostprocessing = 0;
		};
		FF40CF61263A18FD00D6B673 /* Sources */ = {
			isa = PBXSourcesBuildPhase;
			buildActionMask = 2147483647;
			files = (
				FF40CF6A263A18FD00D6B673 /* VestelCarShowTests.swift in Sources */,
			);
			runOnlyForDeploymentPostprocessing = 0;
		};
		FF40CF6C263A18FD00D6B673 /* Sources */ = {
			isa = PBXSourcesBuildPhase;
			buildActionMask = 2147483647;
			files = (
				FF40CF75263A18FD00D6B673 /* VestelCarShowUITests.swift in Sources */,
			);
			runOnlyForDeploymentPostprocessing = 0;
		};
/* End PBXSourcesBuildPhase section */

/* Begin PBXTargetDependency section */
		FF40CF67263A18FD00D6B673 /* PBXTargetDependency */ = {
			isa = PBXTargetDependency;
			target = FF40CF4E263A18F900D6B673 /* VestelCarShow */;
			targetProxy = FF40CF66263A18FD00D6B673 /* PBXContainerItemProxy */;
		};
		FF40CF72263A18FD00D6B673 /* PBXTargetDependency */ = {
			isa = PBXTargetDependency;
			target = FF40CF4E263A18F900D6B673 /* VestelCarShow */;
			targetProxy = FF40CF71263A18FD00D6B673 /* PBXContainerItemProxy */;
		};
/* End PBXTargetDependency section */

/* Begin PBXVariantGroup section */
		FF40CF58263A18F900D6B673 /* Main.storyboard */ = {
			isa = PBXVariantGroup;
			children = (
				FF40CF59263A18F900D6B673 /* Base */,
			);
			name = Main.storyboard;
			sourceTree = "<group>";
		};
		FF40CF5D263A18FD00D6B673 /* LaunchScreen.storyboard */ = {
			isa = PBXVariantGroup;
			children = (
				FF40CF5E263A18FD00D6B673 /* Base */,
			);
			name = LaunchScreen.storyboard;
			sourceTree = "<group>";
		};
/* End PBXVariantGroup section */

/* Begin XCBuildConfiguration section */
		FF40CF77263A18FD00D6B673 /* Debug */ = {
			isa = XCBuildConfiguration;
			buildSettings = {
				ALWAYS_SEARCH_USER_PATHS = NO;
				CLANG_ANALYZER_NONNULL = YES;
				CLANG_ANALYZER_NUMBER_OBJECT_CONVERSION = YES_AGGRESSIVE;
				CLANG_CXX_LANGUAGE_STANDARD = "gnu++14";
				CLANG_CXX_LIBRARY = "libc++";
				CLANG_ENABLE_MODULES = YES;
				CLANG_ENABLE_OBJC_ARC = YES;
				CLANG_ENABLE_OBJC_WEAK = YES;
				CLANG_WARN_BLOCK_CAPTURE_AUTORELEASING = YES;
				CLANG_WARN_BOOL_CONVERSION = YES;
				CLANG_WARN_COMMA = YES;
				CLANG_WARN_CONSTANT_CONVERSION = YES;
				CLANG_WARN_DEPRECATED_OBJC_IMPLEMENTATIONS = YES;
				CLANG_WARN_DIRECT_OBJC_ISA_USAGE = YES_ERROR;
				CLANG_WARN_DOCUMENTATION_COMMENTS = YES;
				CLANG_WARN_EMPTY_BODY = YES;
				CLANG_WARN_ENUM_CONVERSION = YES;
				CLANG_WARN_INFINITE_RECURSION = YES;
				CLANG_WARN_INT_CONVERSION = YES;
				CLANG_WARN_NON_LITERAL_NULL_CONVERSION = YES;
				CLANG_WARN_OBJC_IMPLICIT_RETAIN_SELF = YES;
				CLANG_WARN_OBJC_LITERAL_CONVERSION = YES;
				CLANG_WARN_OBJC_ROOT_CLASS = YES_ERROR;
				CLANG_WARN_QUOTED_INCLUDE_IN_FRAMEWORK_HEADER = YES;
				CLANG_WARN_RANGE_LOOP_ANALYSIS = YES;
				CLANG_WARN_STRICT_PROTOTYPES = YES;
				CLANG_WARN_SUSPICIOUS_MOVE = YES;
				CLANG_WARN_UNGUARDED_AVAILABILITY = YES_AGGRESSIVE;
				CLANG_WARN_UNREACHABLE_CODE = YES;
				CLANG_WARN__DUPLICATE_METHOD_MATCH = YES;
				COPY_PHASE_STRIP = NO;
				DEBUG_INFORMATION_FORMAT = dwarf;
				ENABLE_STRICT_OBJC_MSGSEND = YES;
				ENABLE_TESTABILITY = YES;
				GCC_C_LANGUAGE_STANDARD = gnu11;
				GCC_DYNAMIC_NO_PIC = NO;
				GCC_NO_COMMON_BLOCKS = YES;
				GCC_OPTIMIZATION_LEVEL = 0;
				GCC_PREPROCESSOR_DEFINITIONS = (
					"DEBUG=1",
					"$(inherited)",
				);
				GCC_WARN_64_TO_32_BIT_CONVERSION = YES;
				GCC_WARN_ABOUT_RETURN_TYPE = YES_ERROR;
				GCC_WARN_UNDECLARED_SELECTOR = YES;
				GCC_WARN_UNINITIALIZED_AUTOS = YES_AGGRESSIVE;
				GCC_WARN_UNUSED_FUNCTION = YES;
				GCC_WARN_UNUSED_VARIABLE = YES;
				IPHONEOS_DEPLOYMENT_TARGET = 14.5;
				MTL_ENABLE_DEBUG_INFO = INCLUDE_SOURCE;
				MTL_FAST_MATH = YES;
				ONLY_ACTIVE_ARCH = YES;
				SDKROOT = iphoneos;
				SWIFT_ACTIVE_COMPILATION_CONDITIONS = DEBUG;
				SWIFT_OPTIMIZATION_LEVEL = "-Onone";
			};
			name = Debug;
		};
		FF40CF78263A18FD00D6B673 /* Release */ = {
			isa = XCBuildConfiguration;
			buildSettings = {
				ALWAYS_SEARCH_USER_PATHS = NO;
				CLANG_ANALYZER_NONNULL = YES;
				CLANG_ANALYZER_NUMBER_OBJECT_CONVERSION = YES_AGGRESSIVE;
				CLANG_CXX_LANGUAGE_STANDARD = "gnu++14";
				CLANG_CXX_LIBRARY = "libc++";
				CLANG_ENABLE_MODULES = YES;
				CLANG_ENABLE_OBJC_ARC = YES;
				CLANG_ENABLE_OBJC_WEAK = YES;
				CLANG_WARN_BLOCK_CAPTURE_AUTORELEASING = YES;
				CLANG_WARN_BOOL_CONVERSION = YES;
				CLANG_WARN_COMMA = YES;
				CLANG_WARN_CONSTANT_CONVERSION = YES;
				CLANG_WARN_DEPRECATED_OBJC_IMPLEMENTATIONS = YES;
				CLANG_WARN_DIRECT_OBJC_ISA_USAGE = YES_ERROR;
				CLANG_WARN_DOCUMENTATION_COMMENTS = YES;
				CLANG_WARN_EMPTY_BODY = YES;
				CLANG_WARN_ENUM_CONVERSION = YES;
				CLANG_WARN_INFINITE_RECURSION = YES;
				CLANG_WARN_INT_CONVERSION = YES;
				CLANG_WARN_NON_LITERAL_NULL_CONVERSION = YES;
				CLANG_WARN_OBJC_IMPLICIT_RETAIN_SELF = YES;
				CLANG_WARN_OBJC_LITERAL_CONVERSION = YES;
				CLANG_WARN_OBJC_ROOT_CLASS = YES_ERROR;
				CLANG_WARN_QUOTED_INCLUDE_IN_FRAMEWORK_HEADER = YES;
				CLANG_WARN_RANGE_LOOP_ANALYSIS = YES;
				CLANG_WARN_STRICT_PROTOTYPES = YES;
				CLANG_WARN_SUSPICIOUS_MOVE = YES;
				CLANG_WARN_UNGUARDED_AVAILABILITY = YES_AGGRESSIVE;
				CLANG_WARN_UNREACHABLE_CODE = YES;
				CLANG_WARN__DUPLICATE_METHOD_MATCH = YES;
				COPY_PHASE_STRIP = NO;
				DEBUG_INFORMATION_FORMAT = "dwarf-with-dsym";
				ENABLE_NS_ASSERTIONS = NO;
				ENABLE_STRICT_OBJC_MSGSEND = YES;
				GCC_C_LANGUAGE_STANDARD = gnu11;
				GCC_NO_COMMON_BLOCKS = YES;
				GCC_WARN_64_TO_32_BIT_CONVERSION = YES;
				GCC_WARN_ABOUT_RETURN_TYPE = YES_ERROR;
				GCC_WARN_UNDECLARED_SELECTOR = YES;
				GCC_WARN_UNINITIALIZED_AUTOS = YES_AGGRESSIVE;
				GCC_WARN_UNUSED_FUNCTION = YES;
				GCC_WARN_UNUSED_VARIABLE = YES;
				IPHONEOS_DEPLOYMENT_TARGET = 14.5;
				MTL_ENABLE_DEBUG_INFO = NO;
				MTL_FAST_MATH = YES;
				SDKROOT = iphoneos;
				SWIFT_COMPILATION_MODE = wholemodule;
				SWIFT_OPTIMIZATION_LEVEL = "-O";
				VALIDATE_PRODUCT = YES;
			};
			name = Release;
		};
		FF40CF7A263A18FD00D6B673 /* Debug */ = {
			isa = XCBuildConfiguration;
			baseConfigurationReference = EBA095D287A797ECE6561AAD /* Pods-VestelCarShow.debug.xcconfig */;
			buildSettings = {
				ASSETCATALOG_COMPILER_APPICON_NAME = AppIcon;
				ASSETCATALOG_COMPILER_GLOBAL_ACCENT_COLOR_NAME = AccentColor;
				CODE_SIGN_STYLE = Automatic;
				DEVELOPMENT_TEAM = VB972Q9UF7;
				INFOPLIST_FILE = VestelCarShow/Info.plist;
				LD_RUNPATH_SEARCH_PATHS = (
					"$(inherited)",
					"@executable_path/Frameworks",
				);
				PRODUCT_BUNDLE_IDENTIFIER = com.challenge.VestelCarShow;
				PRODUCT_NAME = "$(TARGET_NAME)";
				SWIFT_VERSION = 5.0;
				TARGETED_DEVICE_FAMILY = 1;
			};
			name = Debug;
		};
		FF40CF7B263A18FD00D6B673 /* Release */ = {
			isa = XCBuildConfiguration;
			baseConfigurationReference = 75987D5D96CF9641201DF8DF /* Pods-VestelCarShow.release.xcconfig */;
			buildSettings = {
				ASSETCATALOG_COMPILER_APPICON_NAME = AppIcon;
				ASSETCATALOG_COMPILER_GLOBAL_ACCENT_COLOR_NAME = AccentColor;
				CODE_SIGN_STYLE = Automatic;
				DEVELOPMENT_TEAM = VB972Q9UF7;
				INFOPLIST_FILE = VestelCarShow/Info.plist;
				LD_RUNPATH_SEARCH_PATHS = (
					"$(inherited)",
					"@executable_path/Frameworks",
				);
				PRODUCT_BUNDLE_IDENTIFIER = com.challenge.VestelCarShow;
				PRODUCT_NAME = "$(TARGET_NAME)";
				SWIFT_VERSION = 5.0;
				TARGETED_DEVICE_FAMILY = 1;
			};
			name = Release;
		};
		FF40CF7D263A18FD00D6B673 /* Debug */ = {
			isa = XCBuildConfiguration;
			baseConfigurationReference = EE226D2C72A943EEFE5FE8AD /* Pods-VestelCarShowTests.debug.xcconfig */;
			buildSettings = {
				ALWAYS_EMBED_SWIFT_STANDARD_LIBRARIES = YES;
				BUNDLE_LOADER = "$(TEST_HOST)";
				CODE_SIGN_STYLE = Automatic;
				DEVELOPMENT_TEAM = VB972Q9UF7;
				INFOPLIST_FILE = VestelCarShowTests/Info.plist;
				IPHONEOS_DEPLOYMENT_TARGET = 14.5;
				LD_RUNPATH_SEARCH_PATHS = (
					"$(inherited)",
					"@executable_path/Frameworks",
					"@loader_path/Frameworks",
				);
				PRODUCT_BUNDLE_IDENTIFIER = com.challenge..VestelCarShowTests;
				PRODUCT_NAME = "$(TARGET_NAME)";
				SWIFT_VERSION = 5.0;
				TARGETED_DEVICE_FAMILY = "1,2";
				TEST_HOST = "$(BUILT_PRODUCTS_DIR)/VestelCarShow.app/VestelCarShow";
			};
			name = Debug;
		};
		FF40CF7E263A18FD00D6B673 /* Release */ = {
			isa = XCBuildConfiguration;
			baseConfigurationReference = E7BD37B7C1C3D69358B90BDC /* Pods-VestelCarShowTests.release.xcconfig */;
			buildSettings = {
				ALWAYS_EMBED_SWIFT_STANDARD_LIBRARIES = YES;
				BUNDLE_LOADER = "$(TEST_HOST)";
				CODE_SIGN_STYLE = Automatic;
				DEVELOPMENT_TEAM = VB972Q9UF7;
				INFOPLIST_FILE = VestelCarShowTests/Info.plist;
				IPHONEOS_DEPLOYMENT_TARGET = 14.5;
				LD_RUNPATH_SEARCH_PATHS = (
					"$(inherited)",
					"@executable_path/Frameworks",
					"@loader_path/Frameworks",
				);
				PRODUCT_BUNDLE_IDENTIFIER = com.challenge..VestelCarShowTests;
				PRODUCT_NAME = "$(TARGET_NAME)";
				SWIFT_VERSION = 5.0;
				TARGETED_DEVICE_FAMILY = "1,2";
				TEST_HOST = "$(BUILT_PRODUCTS_DIR)/VestelCarShow.app/VestelCarShow";
			};
			name = Release;
		};
		FF40CF80263A18FD00D6B673 /* Debug */ = {
			isa = XCBuildConfiguration;
			baseConfigurationReference = D4D85944B6BD4BE04C37D839 /* Pods-VestelCarShow-VestelCarShowUITests.debug.xcconfig */;
			buildSettings = {
				ALWAYS_EMBED_SWIFT_STANDARD_LIBRARIES = YES;
				CODE_SIGN_STYLE = Automatic;
				DEVELOPMENT_TEAM = VB972Q9UF7;
				INFOPLIST_FILE = VestelCarShowUITests/Info.plist;
				LD_RUNPATH_SEARCH_PATHS = (
					"$(inherited)",
					"@executable_path/Frameworks",
					"@loader_path/Frameworks",
				);
				PRODUCT_BUNDLE_IDENTIFIER = com.challenge..VestelCarShowUITests;
				PRODUCT_NAME = "$(TARGET_NAME)";
				SWIFT_VERSION = 5.0;
				TARGETED_DEVICE_FAMILY = "1,2";
				TEST_TARGET_NAME = VestelCarShow;
			};
			name = Debug;
		};
		FF40CF81263A18FD00D6B673 /* Release */ = {
			isa = XCBuildConfiguration;
			baseConfigurationReference = 5F9CC136E5592CE18155C0DF /* Pods-VestelCarShow-VestelCarShowUITests.release.xcconfig */;
			buildSettings = {
				ALWAYS_EMBED_SWIFT_STANDARD_LIBRARIES = YES;
				CODE_SIGN_STYLE = Automatic;
				DEVELOPMENT_TEAM = VB972Q9UF7;
				INFOPLIST_FILE = VestelCarShowUITests/Info.plist;
				LD_RUNPATH_SEARCH_PATHS = (
					"$(inherited)",
					"@executable_path/Frameworks",
					"@loader_path/Frameworks",
				);
				PRODUCT_BUNDLE_IDENTIFIER = com.challenge..VestelCarShowUITests;
				PRODUCT_NAME = "$(TARGET_NAME)";
				SWIFT_VERSION = 5.0;
				TARGETED_DEVICE_FAMILY = "1,2";
				TEST_TARGET_NAME = VestelCarShow;
			};
			name = Release;
		};
/* End XCBuildConfiguration section */

/* Begin XCConfigurationList section */
		FF40CF4A263A18F900D6B673 /* Build configuration list for PBXProject "VestelCarShow" */ = {
			isa = XCConfigurationList;
			buildConfigurations = (
				FF40CF77263A18FD00D6B673 /* Debug */,
				FF40CF78263A18FD00D6B673 /* Release */,
			);
			defaultConfigurationIsVisible = 0;
			defaultConfigurationName = Release;
		};
		FF40CF79263A18FD00D6B673 /* Build configuration list for PBXNativeTarget "VestelCarShow" */ = {
			isa = XCConfigurationList;
			buildConfigurations = (
				FF40CF7A263A18FD00D6B673 /* Debug */,
				FF40CF7B263A18FD00D6B673 /* Release */,
			);
			defaultConfigurationIsVisible = 0;
			defaultConfigurationName = Release;
		};
		FF40CF7C263A18FD00D6B673 /* Build configuration list for PBXNativeTarget "VestelCarShowTests" */ = {
			isa = XCConfigurationList;
			buildConfigurations = (
				FF40CF7D263A18FD00D6B673 /* Debug */,
				FF40CF7E263A18FD00D6B673 /* Release */,
			);
			defaultConfigurationIsVisible = 0;
			defaultConfigurationName = Release;
		};
		FF40CF7F263A18FD00D6B673 /* Build configuration list for PBXNativeTarget "VestelCarShowUITests" */ = {
			isa = XCConfigurationList;
			buildConfigurations = (
				FF40CF80263A18FD00D6B673 /* Debug */,
				FF40CF81263A18FD00D6B673 /* Release */,
			);
			defaultConfigurationIsVisible = 0;
			defaultConfigurationName = Release;
		};
/* End XCConfigurationList section */
	};
	rootObject = FF40CF47263A18F900D6B673 /* Project object */;
}
