// !$*UTF8*$!
{
	archiveVersion = 1;
	classes = {
	};
	objectVersion = 51;
	objects = {

/* Begin PBXBuildFile section */
		28E72F0B04BDF074A7F51AD1 /* Pods_VestelCarShow_VestelCarShowUITests.framework in Frameworks */ = {isa = PBXBuildFile; fileRef = CE73370B09DBAE8C8F3F70B1 /* Pods_VestelCarShow_VestelCarShowUITests.framework */; };
		ACE41CCDC28938E0DBD4B1BD /* Pods_VestelCarShow.framework in Frameworks */ = {isa = PBXBuildFile; fileRef = 36E111A9C2986A4A4C87679E /* Pods_VestelCarShow.framework */; };
		D5D4DC0872314E0AD4057EF8 /* Pods_VestelCarShowTests.framework in Frameworks */ = {isa = PBXBuildFile; fileRef = 88F4791E0A23C62CFFB99184 /* Pods_VestelCarShowTests.framework */; };
		FF40CF53263A18F900D6B673 /* AppDelegate.swift in Sources */ = {isa = PBXBuildFile; fileRef = FF40CF52263A18F900D6B673 /* AppDelegate.swift */; };
		FF40CF5A263A18F900D6B673 /* Main.storyboard in Resources */ = {isa = PBXBuildFile; fileRef = FF40CF58263A18F900D6B673 /* Main.storyboard */; };
		FF40CF5C263A18FD00D6B673 /* Assets.xcassets in Resources */ = {isa = PBXBuildFile; fileRef = FF40CF5B263A18FD00D6B673 /* Assets.xcassets */; };
		FF40CF5F263A18FD00D6B673 /* LaunchScreen.storyboard in Resources */ = {isa = PBXBuildFile; fileRef = FF40CF5D263A18FD00D6B673 /* LaunchScreen.storyboard */; };
		FF40CF6A263A18FD00D6B673 /* VestelCarShowTests.swift in Sources */ = {isa = PBXBuildFile; fileRef = FF40CF69263A18FD00D6B673 /* VestelCarShowTests.swift */; };
		FF40CF75263A18FD00D6B673 /* VestelCarShowUITests.swift in Sources */ = {isa = PBXBuildFile; fileRef = FF40CF74263A18FD00D6B673 /* VestelCarShowUITests.swift */; };
		FF40CF83263A1B7C00D6B673 /* GoogleService-Info.plist in Resources */ = {isa = PBXBuildFile; fileRef = FF40CF82263A1B7C00D6B673 /* GoogleService-Info.plist */; };
		FFC48D38264477A600EC5B76 /* Constants.swift in Sources */ = {isa = PBXBuildFile; fileRef = FFC48D33264477A600EC5B76 /* Constants.swift */; };
		FFC48D3A264477A600EC5B76 /* Extensions.swift in Sources */ = {isa = PBXBuildFile; fileRef = FFC48D35264477A600EC5B76 /* Extensions.swift */; };
		FFC48D3B264477A600EC5B76 /* Reachability.swift in Sources */ = {isa = PBXBuildFile; fileRef = FFC48D36264477A600EC5B76 /* Reachability.swift */; };
		FFC48D42264477FB00EC5B76 /* CarModel.swift in Sources */ = {isa = PBXBuildFile; fileRef = FFC48D41264477FB00EC5B76 /* CarModel.swift */; };
		FFC48D472644781000EC5B76 /* CarCell.swift in Sources */ = {isa = PBXBuildFile; fileRef = FFC48D442644781000EC5B76 /* CarCell.swift */; };
		FFC48D482644781000EC5B76 /* RealmCell.swift in Sources */ = {isa = PBXBuildFile; fileRef = FFC48D452644781000EC5B76 /* RealmCell.swift */; };
		FFC48D492644781000EC5B76 /* CarImageView.swift in Sources */ = {isa = PBXBuildFile; fileRef = FFC48D462644781000EC5B76 /* CarImageView.swift */; };
		FFC48D4F2644783900EC5B76 /* RealmViewModel.swift in Sources */ = {isa = PBXBuildFile; fileRef = FFC48D4C2644783900EC5B76 /* RealmViewModel.swift */; };
		FFC48D502644783900EC5B76 /* CarsViewModel.swift in Sources */ = {isa = PBXBuildFile; fileRef = FFC48D4D2644783900EC5B76 /* CarsViewModel.swift */; };
		FFC48D5F2644785200EC5B76 /* HomeController.swift in Sources */ = {isa = PBXBuildFile; fileRef = FFC48D532644785200EC5B76 /* HomeController.swift */; };
		FFC48D602644785200EC5B76 /* HomeController+FetchingData.swift in Sources */ = {isa = PBXBuildFile; fileRef = FFC48D542644785200EC5B76 /* HomeController+FetchingData.swift */; };
		FFC48D612644785200EC5B76 /* HomeController+CollectionView.swift in Sources */ = {isa = PBXBuildFile; fileRef = FFC48D552644785200EC5B76 /* HomeController+CollectionView.swift */; };
		FFC48D622644785200EC5B76 /* CarDetailController+TableView.swift in Sources */ = {isa = PBXBuildFile; fileRef = FFC48D572644785200EC5B76 /* CarDetailController+TableView.swift */; };
		FFC48D632644785200EC5B76 /* CarDetailController.swift in Sources */ = {isa = PBXBuildFile; fileRef = FFC48D582644785200EC5B76 /* CarDetailController.swift */; };
		FFC48D642644785200EC5B76 /* AddNewCarController+handlers.swift in Sources */ = {isa = PBXBuildFile; fileRef = FFC48D5A2644785200EC5B76 /* AddNewCarController+handlers.swift */; };
		FFC48D652644785200EC5B76 /* AddNewCarController.swift in Sources */ = {isa = PBXBuildFile; fileRef = FFC48D5B2644785200EC5B76 /* AddNewCarController.swift */; };
		FFC48D662644785200EC5B76 /* LoginController.swift in Sources */ = {isa = PBXBuildFile; fileRef = FFC48D5D2644785200EC5B76 /* LoginController.swift */; };
		FFC48D672644785200EC5B76 /* SignUpController.swift in Sources */ = {isa = PBXBuildFile; fileRef = FFC48D5E2644785200EC5B76 /* SignUpController.swift */; };
		FFC48D692644787F00EC5B76 /* README.md in Resources */ = {isa = PBXBuildFile; fileRef = FFC48D682644787F00EC5B76 /* README.md */; };
		FFC48D6A2644E16E00EC5B76 /* PersonModel.swift in Sources */ = {isa = PBXBuildFile; fileRef = FFC48D4B2644783900EC5B76 /* PersonModel.swift */; };
		FFC48D6B2644FB6A00EC5B76 /* RealmService.swift in Sources */ = {isa = PBXBuildFile; fileRef = FFC48D34264477A600EC5B76 /* RealmService.swift */; };
/* End PBXBuildFile section */

/* Begin PBXContainerItemProxy section */
		FF40CF66263A18FD00D6B673 /* PBXContainerItemProxy */ = {
			isa = PBXContainerItemProxy;
			containerPortal = FF40CF47263A18F900D6B673 /* Project object */;
			proxyType = 1;
			remoteGlobalIDString = FF40CF4E263A18F900D6B673;
			remoteInfo = VestelCarShow;
		};
		FF40CF71263A18FD00D6B673 /* PBXContainerItemProxy */ = {
			isa = PBXContainerItemProxy;
			containerPortal = FF40CF47263A18F900D6B673 /* Project object */;
			proxyType = 1;
			remoteGlobalIDString = FF40CF4E263A18F900D6B673;
			remoteInfo = VestelCarShow;
		};
/* End PBXContainerItemProxy section */

/* Begin PBXFileReference section */
		202611E7913C4DB0CF8E9D9E /* Pods-VestelCarShow.debug.xcconfig */ = {isa = PBXFileReference; includeInIndex = 1; lastKnownFileType = text.xcconfig; name = "Pods-VestelCarShow.debug.xcconfig"; path = "Target Support Files/Pods-VestelCarShow/Pods-VestelCarShow.debug.xcconfig"; sourceTree = "<group>"; };
		36E111A9C2986A4A4C87679E /* Pods_VestelCarShow.framework */ = {isa = PBXFileReference; explicitFileType = wrapper.framework; includeInIndex = 0; path = Pods_VestelCarShow.framework; sourceTree = BUILT_PRODUCTS_DIR; };
		88F4791E0A23C62CFFB99184 /* Pods_VestelCarShowTests.framework */ = {isa = PBXFileReference; explicitFileType = wrapper.framework; includeInIndex = 0; path = Pods_VestelCarShowTests.framework; sourceTree = BUILT_PRODUCTS_DIR; };
		9ECD07E1273290E191794302 /* Pods-VestelCarShow-VestelCarShowUITests.release.xcconfig */ = {isa = PBXFileReference; includeInIndex = 1; lastKnownFileType = text.xcconfig; name = "Pods-VestelCarShow-VestelCarShowUITests.release.xcconfig"; path = "Target Support Files/Pods-VestelCarShow-VestelCarShowUITests/Pods-VestelCarShow-VestelCarShowUITests.release.xcconfig"; sourceTree = "<group>"; };
		A2540C36B3C99E8467A85C0A /* Pods-VestelCarShow.release.xcconfig */ = {isa = PBXFileReference; includeInIndex = 1; lastKnownFileType = text.xcconfig; name = "Pods-VestelCarShow.release.xcconfig"; path = "Target Support Files/Pods-VestelCarShow/Pods-VestelCarShow.release.xcconfig"; sourceTree = "<group>"; };
		BCA2F9D62B8616CBDD895BF1 /* Pods-VestelCarShow-VestelCarShowUITests.debug.xcconfig */ = {isa = PBXFileReference; includeInIndex = 1; lastKnownFileType = text.xcconfig; name = "Pods-VestelCarShow-VestelCarShowUITests.debug.xcconfig"; path = "Target Support Files/Pods-VestelCarShow-VestelCarShowUITests/Pods-VestelCarShow-VestelCarShowUITests.debug.xcconfig"; sourceTree = "<group>"; };
		CBC2EAF05EA63EB95F1AFFFB /* Pods-VestelCarShowTests.release.xcconfig */ = {isa = PBXFileReference; includeInIndex = 1; lastKnownFileType = text.xcconfig; name = "Pods-VestelCarShowTests.release.xcconfig"; path = "Target Support Files/Pods-VestelCarShowTests/Pods-VestelCarShowTests.release.xcconfig"; sourceTree = "<group>"; };
		CE73370B09DBAE8C8F3F70B1 /* Pods_VestelCarShow_VestelCarShowUITests.framework */ = {isa = PBXFileReference; explicitFileType = wrapper.framework; includeInIndex = 0; path = Pods_VestelCarShow_VestelCarShowUITests.framework; sourceTree = BUILT_PRODUCTS_DIR; };
		CE9BBAEC10D25AAFB9F9BE10 /* Pods-VestelCarShowTests.debug.xcconfig */ = {isa = PBXFileReference; includeInIndex = 1; lastKnownFileType = text.xcconfig; name = "Pods-VestelCarShowTests.debug.xcconfig"; path = "Target Support Files/Pods-VestelCarShowTests/Pods-VestelCarShowTests.debug.xcconfig"; sourceTree = "<group>"; };
		FF40CF4F263A18F900D6B673 /* VestelCarShow.app */ = {isa = PBXFileReference; explicitFileType = wrapper.application; includeInIndex = 0; path = VestelCarShow.app; sourceTree = BUILT_PRODUCTS_DIR; };
		FF40CF52263A18F900D6B673 /* AppDelegate.swift */ = {isa = PBXFileReference; lastKnownFileType = sourcecode.swift; path = AppDelegate.swift; sourceTree = "<group>"; };
		FF40CF59263A18F900D6B673 /* Base */ = {isa = PBXFileReference; lastKnownFileType = file.storyboard; name = Base; path = Base.lproj/Main.storyboard; sourceTree = "<group>"; };
		FF40CF5B263A18FD00D6B673 /* Assets.xcassets */ = {isa = PBXFileReference; lastKnownFileType = folder.assetcatalog; path = Assets.xcassets; sourceTree = "<group>"; };
		FF40CF5E263A18FD00D6B673 /* Base */ = {isa = PBXFileReference; lastKnownFileType = file.storyboard; name = Base; path = Base.lproj/LaunchScreen.storyboard; sourceTree = "<group>"; };
		FF40CF60263A18FD00D6B673 /* Info.plist */ = {isa = PBXFileReference; lastKnownFileType = text.plist.xml; path = Info.plist; sourceTree = "<group>"; };
		FF40CF65263A18FD00D6B673 /* VestelCarShowTests.xctest */ = {isa = PBXFileReference; explicitFileType = wrapper.cfbundle; includeInIndex = 0; path = VestelCarShowTests.xctest; sourceTree = BUILT_PRODUCTS_DIR; };
		FF40CF69263A18FD00D6B673 /* VestelCarShowTests.swift */ = {isa = PBXFileReference; lastKnownFileType = sourcecode.swift; path = VestelCarShowTests.swift; sourceTree = "<group>"; };
		FF40CF6B263A18FD00D6B673 /* Info.plist */ = {isa = PBXFileReference; lastKnownFileType = text.plist.xml; path = Info.plist; sourceTree = "<group>"; };
		FF40CF70263A18FD00D6B673 /* VestelCarShowUITests.xctest */ = {isa = PBXFileReference; explicitFileType = wrapper.cfbundle; includeInIndex = 0; path = VestelCarShowUITests.xctest; sourceTree = BUILT_PRODUCTS_DIR; };
		FF40CF74263A18FD00D6B673 /* VestelCarShowUITests.swift */ = {isa = PBXFileReference; lastKnownFileType = sourcecode.swift; path = VestelCarShowUITests.swift; sourceTree = "<group>"; };
		FF40CF76263A18FD00D6B673 /* Info.plist */ = {isa = PBXFileReference; lastKnownFileType = text.plist.xml; path = Info.plist; sourceTree = "<group>"; };
		FF40CF82263A1B7C00D6B673 /* GoogleService-Info.plist */ = {isa = PBXFileReference; fileEncoding = 4; lastKnownFileType = text.plist.xml; path = "GoogleService-Info.plist"; sourceTree = "<group>"; };
		FFC48D33264477A600EC5B76 /* Constants.swift */ = {isa = PBXFileReference; fileEncoding = 4; lastKnownFileType = sourcecode.swift; path = Constants.swift; sourceTree = "<group>"; };
		FFC48D34264477A600EC5B76 /* RealmService.swift */ = {isa = PBXFileReference; fileEncoding = 4; lastKnownFileType = sourcecode.swift; path = RealmService.swift; sourceTree = "<group>"; };
		FFC48D35264477A600EC5B76 /* Extensions.swift */ = {isa = PBXFileReference; fileEncoding = 4; lastKnownFileType = sourcecode.swift; path = Extensions.swift; sourceTree = "<group>"; };
		FFC48D36264477A600EC5B76 /* Reachability.swift */ = {isa = PBXFileReference; fileEncoding = 4; lastKnownFileType = sourcecode.swift; path = Reachability.swift; sourceTree = "<group>"; };
		FFC48D41264477FB00EC5B76 /* CarModel.swift */ = {isa = PBXFileReference; fileEncoding = 4; lastKnownFileType = sourcecode.swift; path = CarModel.swift; sourceTree = "<group>"; };
		FFC48D442644781000EC5B76 /* CarCell.swift */ = {isa = PBXFileReference; fileEncoding = 4; lastKnownFileType = sourcecode.swift; path = CarCell.swift; sourceTree = "<group>"; };
		FFC48D452644781000EC5B76 /* RealmCell.swift */ = {isa = PBXFileReference; fileEncoding = 4; lastKnownFileType = sourcecode.swift; path = RealmCell.swift; sourceTree = "<group>"; };
		FFC48D462644781000EC5B76 /* CarImageView.swift */ = {isa = PBXFileReference; fileEncoding = 4; lastKnownFileType = sourcecode.swift; path = CarImageView.swift; sourceTree = "<group>"; };
		FFC48D4B2644783900EC5B76 /* PersonModel.swift */ = {isa = PBXFileReference; fileEncoding = 4; lastKnownFileType = sourcecode.swift; path = PersonModel.swift; sourceTree = "<group>"; };
		FFC48D4C2644783900EC5B76 /* RealmViewModel.swift */ = {isa = PBXFileReference; fileEncoding = 4; lastKnownFileType = sourcecode.swift; path = RealmViewModel.swift; sourceTree = "<group>"; };
		FFC48D4D2644783900EC5B76 /* CarsViewModel.swift */ = {isa = PBXFileReference; fileEncoding = 4; lastKnownFileType = sourcecode.swift; path = CarsViewModel.swift; sourceTree = "<group>"; };
		FFC48D532644785200EC5B76 /* HomeController.swift */ = {isa = PBXFileReference; fileEncoding = 4; lastKnownFileType = sourcecode.swift; path = HomeController.swift; sourceTree = "<group>"; };
		FFC48D542644785200EC5B76 /* HomeController+FetchingData.swift */ = {isa = PBXFileReference; fileEncoding = 4; lastKnownFileType = sourcecode.swift; path = "HomeController+FetchingData.swift"; sourceTree = "<group>"; };
		FFC48D552644785200EC5B76 /* HomeController+CollectionView.swift */ = {isa = PBXFileReference; fileEncoding = 4; lastKnownFileType = sourcecode.swift; path = "HomeController+CollectionView.swift"; sourceTree = "<group>"; };
		FFC48D572644785200EC5B76 /* CarDetailController+TableView.swift */ = {isa = PBXFileReference; fileEncoding = 4; lastKnownFileType = sourcecode.swift; path = "CarDetailController+TableView.swift"; sourceTree = "<group>"; };
		FFC48D582644785200EC5B76 /* CarDetailController.swift */ = {isa = PBXFileReference; fileEncoding = 4; lastKnownFileType = sourcecode.swift; path = CarDetailController.swift; sourceTree = "<group>"; };
		FFC48D5A2644785200EC5B76 /* AddNewCarController+handlers.swift */ = {isa = PBXFileReference; fileEncoding = 4; lastKnownFileType = sourcecode.swift; path = "AddNewCarController+handlers.swift"; sourceTree = "<group>"; };
		FFC48D5B2644785200EC5B76 /* AddNewCarController.swift */ = {isa = PBXFileReference; fileEncoding = 4; lastKnownFileType = sourcecode.swift; path = AddNewCarController.swift; sourceTree = "<group>"; };
		FFC48D5D2644785200EC5B76 /* LoginController.swift */ = {isa = PBXFileReference; fileEncoding = 4; lastKnownFileType = sourcecode.swift; path = LoginController.swift; sourceTree = "<group>"; };
		FFC48D5E2644785200EC5B76 /* SignUpController.swift */ = {isa = PBXFileReference; fileEncoding = 4; lastKnownFileType = sourcecode.swift; path = SignUpController.swift; sourceTree = "<group>"; };
		FFC48D682644787F00EC5B76 /* README.md */ = {isa = PBXFileReference; fileEncoding = 4; lastKnownFileType = net.daringfireball.markdown; path = README.md; sourceTree = "<group>"; };
/* End PBXFileReference section */

/* Begin PBXFrameworksBuildPhase section */
		FF40CF4C263A18F900D6B673 /* Frameworks */ = {
			isa = PBXFrameworksBuildPhase;
			buildActionMask = 2147483647;
			files = (
				ACE41CCDC28938E0DBD4B1BD /* Pods_VestelCarShow.framework in Frameworks */,
			);
			runOnlyForDeploymentPostprocessing = 0;
		};
		FF40CF62263A18FD00D6B673 /* Frameworks */ = {
			isa = PBXFrameworksBuildPhase;
			buildActionMask = 2147483647;
			files = (
				D5D4DC0872314E0AD4057EF8 /* Pods_VestelCarShowTests.framework in Frameworks */,
			);
			runOnlyForDeploymentPostprocessing = 0;
		};
		FF40CF6D263A18FD00D6B673 /* Frameworks */ = {
			isa = PBXFrameworksBuildPhase;
			buildActionMask = 2147483647;
			files = (
				28E72F0B04BDF074A7F51AD1 /* Pods_VestelCarShow_VestelCarShowUITests.framework in Frameworks */,
			);
			runOnlyForDeploymentPostprocessing = 0;
		};
/* End PBXFrameworksBuildPhase section */

/* Begin PBXGroup section */
		5B8904382740F336A133A993 /* Frameworks */ = {
			isa = PBXGroup;
			children = (
				36E111A9C2986A4A4C87679E /* Pods_VestelCarShow.framework */,
				CE73370B09DBAE8C8F3F70B1 /* Pods_VestelCarShow_VestelCarShowUITests.framework */,
				88F4791E0A23C62CFFB99184 /* Pods_VestelCarShowTests.framework */,
			);
			name = Frameworks;
			sourceTree = "<group>";
		};
		DE3195DF05AF247EDD9C486E /* Pods */ = {
			isa = PBXGroup;
			children = (
				202611E7913C4DB0CF8E9D9E /* Pods-VestelCarShow.debug.xcconfig */,
				A2540C36B3C99E8467A85C0A /* Pods-VestelCarShow.release.xcconfig */,
				BCA2F9D62B8616CBDD895BF1 /* Pods-VestelCarShow-VestelCarShowUITests.debug.xcconfig */,
				9ECD07E1273290E191794302 /* Pods-VestelCarShow-VestelCarShowUITests.release.xcconfig */,
				CE9BBAEC10D25AAFB9F9BE10 /* Pods-VestelCarShowTests.debug.xcconfig */,
				CBC2EAF05EA63EB95F1AFFFB /* Pods-VestelCarShowTests.release.xcconfig */,
			);
			path = Pods;
			sourceTree = "<group>";
		};
		FF40CF46263A18F900D6B673 = {
			isa = PBXGroup;
			children = (
				FFC48D682644787F00EC5B76 /* README.md */,
				FF40CF51263A18F900D6B673 /* VestelCarShow */,
				FF40CF68263A18FD00D6B673 /* VestelCarShowTests */,
				FF40CF73263A18FD00D6B673 /* VestelCarShowUITests */,
				FF40CF50263A18F900D6B673 /* Products */,
				DE3195DF05AF247EDD9C486E /* Pods */,
				5B8904382740F336A133A993 /* Frameworks */,
			);
			sourceTree = "<group>";
		};
		FF40CF50263A18F900D6B673 /* Products */ = {
			isa = PBXGroup;
			children = (
				FF40CF4F263A18F900D6B673 /* VestelCarShow.app */,
				FF40CF65263A18FD00D6B673 /* VestelCarShowTests.xctest */,
				FF40CF70263A18FD00D6B673 /* VestelCarShowUITests.xctest */,
			);
			name = Products;
			sourceTree = "<group>";
		};
		FF40CF51263A18F900D6B673 /* VestelCarShow */ = {
			isa = PBXGroup;
			children = (
				FF40CF52263A18F900D6B673 /* AppDelegate.swift */,
				FFC48D32264477A600EC5B76 /* Extensions */,
				FFC48D40264477FB00EC5B76 /* Model */,
				FFC48D432644781000EC5B76 /* View */,
				FFC48D4A2644783900EC5B76 /* ViewModel */,
				FFC48D512644785200EC5B76 /* Controllers */,
				FF40CF58263A18F900D6B673 /* Main.storyboard */,
				FF40CF5B263A18FD00D6B673 /* Assets.xcassets */,
				FF40CF5D263A18FD00D6B673 /* LaunchScreen.storyboard */,
				FF40CF82263A1B7C00D6B673 /* GoogleService-Info.plist */,
				FF40CF60263A18FD00D6B673 /* Info.plist */,
			);
			path = VestelCarShow;
			sourceTree = "<group>";
		};
		FF40CF68263A18FD00D6B673 /* VestelCarShowTests */ = {
			isa = PBXGroup;
			children = (
				FF40CF69263A18FD00D6B673 /* VestelCarShowTests.swift */,
				FF40CF6B263A18FD00D6B673 /* Info.plist */,
			);
			path = VestelCarShowTests;
			sourceTree = "<group>";
		};
		FF40CF73263A18FD00D6B673 /* VestelCarShowUITests */ = {
			isa = PBXGroup;
			children = (
				FF40CF74263A18FD00D6B673 /* VestelCarShowUITests.swift */,
				FF40CF76263A18FD00D6B673 /* Info.plist */,
			);
			path = VestelCarShowUITests;
			sourceTree = "<group>";
		};
		FFC48D32264477A600EC5B76 /* Extensions */ = {
			isa = PBXGroup;
			children = (
				FFC48D33264477A600EC5B76 /* Constants.swift */,
				FFC48D34264477A600EC5B76 /* RealmService.swift */,
				FFC48D35264477A600EC5B76 /* Extensions.swift */,
				FFC48D36264477A600EC5B76 /* Reachability.swift */,
			);
			path = Extensions;
			sourceTree = "<group>";
		};
		FFC48D40264477FB00EC5B76 /* Model */ = {
			isa = PBXGroup;
			children = (
				FFC48D41264477FB00EC5B76 /* CarModel.swift */,
			);
			path = Model;
			sourceTree = "<group>";
		};
		FFC48D432644781000EC5B76 /* View */ = {
			isa = PBXGroup;
			children = (
				FFC48D442644781000EC5B76 /* CarCell.swift */,
				FFC48D452644781000EC5B76 /* RealmCell.swift */,
				FFC48D462644781000EC5B76 /* CarImageView.swift */,
			);
			path = View;
			sourceTree = "<group>";
		};
		FFC48D4A2644783900EC5B76 /* ViewModel */ = {
			isa = PBXGroup;
			children = (
				FFC48D4B2644783900EC5B76 /* PersonModel.swift */,
				FFC48D4D2644783900EC5B76 /* CarsViewModel.swift */,
				FFC48D4C2644783900EC5B76 /* RealmViewModel.swift */,
			);
			path = ViewModel;
			sourceTree = "<group>";
		};
		FFC48D512644785200EC5B76 /* Controllers */ = {
			isa = PBXGroup;
			children = (
				FFC48D5C2644785200EC5B76 /* Authentication */,
				FFC48D522644785200EC5B76 /* Home */,
				FFC48D562644785200EC5B76 /* CarDetails */,
				FFC48D592644785200EC5B76 /* AddNewCar */,
			);
			path = Controllers;
			sourceTree = "<group>";
		};
		FFC48D522644785200EC5B76 /* Home */ = {
			isa = PBXGroup;
			children = (
				FFC48D532644785200EC5B76 /* HomeController.swift */,
				FFC48D542644785200EC5B76 /* HomeController+FetchingData.swift */,
				FFC48D552644785200EC5B76 /* HomeController+CollectionView.swift */,
			);
			path = Home;
			sourceTree = "<group>";
		};
		FFC48D562644785200EC5B76 /* CarDetails */ = {
			isa = PBXGroup;
			children = (
				FFC48D582644785200EC5B76 /* CarDetailController.swift */,
				FFC48D572644785200EC5B76 /* CarDetailController+TableView.swift */,
			);
			path = CarDetails;
			sourceTree = "<group>";
		};
		FFC48D592644785200EC5B76 /* AddNewCar */ = {
			isa = PBXGroup;
			children = (
				FFC48D5A2644785200EC5B76 /* AddNewCarController+handlers.swift */,
				FFC48D5B2644785200EC5B76 /* AddNewCarController.swift */,
			);
			path = AddNewCar;
			sourceTree = "<group>";
		};
		FFC48D5C2644785200EC5B76 /* Authentication */ = {
			isa = PBXGroup;
			children = (
				FFC48D5D2644785200EC5B76 /* LoginController.swift */,
				FFC48D5E2644785200EC5B76 /* SignUpController.swift */,
			);
			path = Authentication;
			sourceTree = "<group>";
		};
/* End PBXGroup section */

/* Begin PBXNativeTarget section */
		FF40CF4E263A18F900D6B673 /* VestelCarShow */ = {
			isa = PBXNativeTarget;
			buildConfigurationList = FF40CF79263A18FD00D6B673 /* Build configuration list for PBXNativeTarget "VestelCarShow" */;
			buildPhases = (
				7053CC96D2FB532F330D88BD /* [CP] Check Pods Manifest.lock */,
				FF40CF4B263A18F900D6B673 /* Sources */,
				FF40CF4C263A18F900D6B673 /* Frameworks */,
				FF40CF4D263A18F900D6B673 /* Resources */,
				FF40CF8F263A2B9300D6B673 /* ShellScript */,
				B924A8C344AE41E4CD7E6CCD /* [CP] Embed Pods Frameworks */,
				8A3DE9B19E168A3466C679BD /* [CP] Copy Pods Resources */,
			);
			buildRules = (
			);
			dependencies = (
			);
			name = VestelCarShow;
			productName = VestelCarShow;
			productReference = FF40CF4F263A18F900D6B673 /* VestelCarShow.app */;
			productType = "com.apple.product-type.application";
		};
		FF40CF64263A18FD00D6B673 /* VestelCarShowTests */ = {
			isa = PBXNativeTarget;
			buildConfigurationList = FF40CF7C263A18FD00D6B673 /* Build configuration list for PBXNativeTarget "VestelCarShowTests" */;
			buildPhases = (
				C5C8973532335A061A405EA5 /* [CP] Check Pods Manifest.lock */,
				FF40CF61263A18FD00D6B673 /* Sources */,
				FF40CF62263A18FD00D6B673 /* Frameworks */,
				FF40CF63263A18FD00D6B673 /* Resources */,
			);
			buildRules = (
			);
			dependencies = (
				FF40CF67263A18FD00D6B673 /* PBXTargetDependency */,
			);
			name = VestelCarShowTests;
			productName = VestelCarShowTests;
			productReference = FF40CF65263A18FD00D6B673 /* VestelCarShowTests.xctest */;
			productType = "com.apple.product-type.bundle.unit-test";
		};
		FF40CF6F263A18FD00D6B673 /* VestelCarShowUITests */ = {
			isa = PBXNativeTarget;
			buildConfigurationList = FF40CF7F263A18FD00D6B673 /* Build configuration list for PBXNativeTarget "VestelCarShowUITests" */;
			buildPhases = (
				A1CC1DD9C00EB334BE2E5510 /* [CP] Check Pods Manifest.lock */,
				FF40CF6C263A18FD00D6B673 /* Sources */,
				FF40CF6D263A18FD00D6B673 /* Frameworks */,
				FF40CF6E263A18FD00D6B673 /* Resources */,
				16CA3F1493EFAC4838290ECB /* [CP] Embed Pods Frameworks */,
				DFBAD11D339B747583D84CCF /* [CP] Copy Pods Resources */,
			);
			buildRules = (
			);
			dependencies = (
				FF40CF72263A18FD00D6B673 /* PBXTargetDependency */,
			);
			name = VestelCarShowUITests;
			productName = VestelCarShowUITests;
			productReference = FF40CF70263A18FD00D6B673 /* VestelCarShowUITests.xctest */;
			productType = "com.apple.product-type.bundle.ui-testing";
		};
/* End PBXNativeTarget section */

/* Begin PBXProject section */
		FF40CF47263A18F900D6B673 /* Project object */ = {
			isa = PBXProject;
			attributes = {
				LastSwiftUpdateCheck = 1250;
				LastUpgradeCheck = 1250;
				TargetAttributes = {
					FF40CF4E263A18F900D6B673 = {
						CreatedOnToolsVersion = 12.5;
					};
					FF40CF64263A18FD00D6B673 = {
						CreatedOnToolsVersion = 12.5;
						TestTargetID = FF40CF4E263A18F900D6B673;
					};
					FF40CF6F263A18FD00D6B673 = {
						CreatedOnToolsVersion = 12.5;
						TestTargetID = FF40CF4E263A18F900D6B673;
					};
				};
			};
			buildConfigurationList = FF40CF4A263A18F900D6B673 /* Build configuration list for PBXProject "VestelCarShow" */;
			compatibilityVersion = "Xcode 9.3";
			developmentRegion = en;
			hasScannedForEncodings = 0;
			knownRegions = (
				en,
				Base,
			);
			mainGroup = FF40CF46263A18F900D6B673;
			productRefGroup = FF40CF50263A18F900D6B673 /* Products */;
			projectDirPath = "";
			projectRoot = "";
			targets = (
				FF40CF4E263A18F900D6B673 /* VestelCarShow */,
				FF40CF64263A18FD00D6B673 /* VestelCarShowTests */,
				FF40CF6F263A18FD00D6B673 /* VestelCarShowUITests */,
			);
		};
/* End PBXProject section */

/* Begin PBXResourcesBuildPhase section */
		FF40CF4D263A18F900D6B673 /* Resources */ = {
			isa = PBXResourcesBuildPhase;
			buildActionMask = 2147483647;
			files = (
				FF40CF5F263A18FD00D6B673 /* LaunchScreen.storyboard in Resources */,
				FF40CF83263A1B7C00D6B673 /* GoogleService-Info.plist in Resources */,
				FFC48D692644787F00EC5B76 /* README.md in Resources */,
				FF40CF5C263A18FD00D6B673 /* Assets.xcassets in Resources */,
				FF40CF5A263A18F900D6B673 /* Main.storyboard in Resources */,
			);
			runOnlyForDeploymentPostprocessing = 0;
		};
		FF40CF63263A18FD00D6B673 /* Resources */ = {
			isa = PBXResourcesBuildPhase;
			buildActionMask = 2147483647;
			files = (
			);
			runOnlyForDeploymentPostprocessing = 0;
		};
		FF40CF6E263A18FD00D6B673 /* Resources */ = {
			isa = PBXResourcesBuildPhase;
			buildActionMask = 2147483647;
			files = (
			);
			runOnlyForDeploymentPostprocessing = 0;
		};
/* End PBXResourcesBuildPhase section */

/* Begin PBXShellScriptBuildPhase section */
		16CA3F1493EFAC4838290ECB /* [CP] Embed Pods Frameworks */ = {
			isa = PBXShellScriptBuildPhase;
			buildActionMask = 2147483647;
			files = (
			);
			inputFileListPaths = (
				"${PODS_ROOT}/Target Support Files/Pods-VestelCarShow-VestelCarShowUITests/Pods-VestelCarShow-VestelCarShowUITests-frameworks-${CONFIGURATION}-input-files.xcfilelist",
			);
			name = "[CP] Embed Pods Frameworks";
			outputFileListPaths = (
				"${PODS_ROOT}/Target Support Files/Pods-VestelCarShow-VestelCarShowUITests/Pods-VestelCarShow-VestelCarShowUITests-frameworks-${CONFIGURATION}-output-files.xcfilelist",
			);
			runOnlyForDeploymentPostprocessing = 0;
			shellPath = /bin/sh;
			shellScript = "\"${PODS_ROOT}/Target Support Files/Pods-VestelCarShow-VestelCarShowUITests/Pods-VestelCarShow-VestelCarShowUITests-frameworks.sh\"\n";
			showEnvVarsInLog = 0;
		};
		7053CC96D2FB532F330D88BD /* [CP] Check Pods Manifest.lock */ = {
			isa = PBXShellScriptBuildPhase;
			buildActionMask = 2147483647;
			files = (
			);
			inputFileListPaths = (
			);
			inputPaths = (
				"${PODS_PODFILE_DIR_PATH}/Podfile.lock",
				"${PODS_ROOT}/Manifest.lock",
			);
			name = "[CP] Check Pods Manifest.lock";
			outputFileListPaths = (
			);
			outputPaths = (
				"$(DERIVED_FILE_DIR)/Pods-VestelCarShow-checkManifestLockResult.txt",
			);
			runOnlyForDeploymentPostprocessing = 0;
			shellPath = /bin/sh;
			shellScript = "diff \"${PODS_PODFILE_DIR_PATH}/Podfile.lock\" \"${PODS_ROOT}/Manifest.lock\" > /dev/null\nif [ $? != 0 ] ; then\n    # print error to STDERR\n    echo \"error: The sandbox is not in sync with the Podfile.lock. Run 'pod install' or update your CocoaPods installation.\" >&2\n    exit 1\nfi\n# This output is used by Xcode 'outputs' to avoid re-running this script phase.\necho \"SUCCESS\" > \"${SCRIPT_OUTPUT_FILE_0}\"\n";
			showEnvVarsInLog = 0;
		};
		8A3DE9B19E168A3466C679BD /* [CP] Copy Pods Resources */ = {
			isa = PBXShellScriptBuildPhase;
			buildActionMask = 2147483647;
			files = (
			);
			inputFileListPaths = (
				"${PODS_ROOT}/Target Support Files/Pods-VestelCarShow/Pods-VestelCarShow-resources-${CONFIGURATION}-input-files.xcfilelist",
			);
			name = "[CP] Copy Pods Resources";
			outputFileListPaths = (
				"${PODS_ROOT}/Target Support Files/Pods-VestelCarShow/Pods-VestelCarShow-resources-${CONFIGURATION}-output-files.xcfilelist",
			);
			runOnlyForDeploymentPostprocessing = 0;
			shellPath = /bin/sh;
			shellScript = "\"${PODS_ROOT}/Target Support Files/Pods-VestelCarShow/Pods-VestelCarShow-resources.sh\"\n";
			showEnvVarsInLog = 0;
		};
		A1CC1DD9C00EB334BE2E5510 /* [CP] Check Pods Manifest.lock */ = {
			isa = PBXShellScriptBuildPhase;
			buildActionMask = 2147483647;
			files = (
			);
			inputFileListPaths = (
			);
			inputPaths = (
				"${PODS_PODFILE_DIR_PATH}/Podfile.lock",
				"${PODS_ROOT}/Manifest.lock",
			);
			name = "[CP] Check Pods Manifest.lock";
			outputFileListPaths = (
			);
			outputPaths = (
				"$(DERIVED_FILE_DIR)/Pods-VestelCarShow-VestelCarShowUITests-checkManifestLockResult.txt",
			);
			runOnlyForDeploymentPostprocessing = 0;
			shellPath = /bin/sh;
			shellScript = "diff \"${PODS_PODFILE_DIR_PATH}/Podfile.lock\" \"${PODS_ROOT}/Manifest.lock\" > /dev/null\nif [ $? != 0 ] ; then\n    # print error to STDERR\n    echo \"error: The sandbox is not in sync with the Podfile.lock. Run 'pod install' or update your CocoaPods installation.\" >&2\n    exit 1\nfi\n# This output is used by Xcode 'outputs' to avoid re-running this script phase.\necho \"SUCCESS\" > \"${SCRIPT_OUTPUT_FILE_0}\"\n";
			showEnvVarsInLog = 0;
		};
		B924A8C344AE41E4CD7E6CCD /* [CP] Embed Pods Frameworks */ = {
			isa = PBXShellScriptBuildPhase;
			buildActionMask = 2147483647;
			files = (
			);
			inputFileListPaths = (
				"${PODS_ROOT}/Target Support Files/Pods-VestelCarShow/Pods-VestelCarShow-frameworks-${CONFIGURATION}-input-files.xcfilelist",
			);
			name = "[CP] Embed Pods Frameworks";
			outputFileListPaths = (
				"${PODS_ROOT}/Target Support Files/Pods-VestelCarShow/Pods-VestelCarShow-frameworks-${CONFIGURATION}-output-files.xcfilelist",
			);
			runOnlyForDeploymentPostprocessing = 0;
			shellPath = /bin/sh;
			shellScript = "\"${PODS_ROOT}/Target Support Files/Pods-VestelCarShow/Pods-VestelCarShow-frameworks.sh\"\n";
			showEnvVarsInLog = 0;
		};
		C5C8973532335A061A405EA5 /* [CP] Check Pods Manifest.lock */ = {
			isa = PBXShellScriptBuildPhase;
			buildActionMask = 2147483647;
			files = (
			);
			inputFileListPaths = (
			);
			inputPaths = (
				"${PODS_PODFILE_DIR_PATH}/Podfile.lock",
				"${PODS_ROOT}/Manifest.lock",
			);
			name = "[CP] Check Pods Manifest.lock";
			outputFileListPaths = (
			);
			outputPaths = (
				"$(DERIVED_FILE_DIR)/Pods-VestelCarShowTests-checkManifestLockResult.txt",
			);
			runOnlyForDeploymentPostprocessing = 0;
			shellPath = /bin/sh;
			shellScript = "diff \"${PODS_PODFILE_DIR_PATH}/Podfile.lock\" \"${PODS_ROOT}/Manifest.lock\" > /dev/null\nif [ $? != 0 ] ; then\n    # print error to STDERR\n    echo \"error: The sandbox is not in sync with the Podfile.lock. Run 'pod install' or update your CocoaPods installation.\" >&2\n    exit 1\nfi\n# This output is used by Xcode 'outputs' to avoid re-running this script phase.\necho \"SUCCESS\" > \"${SCRIPT_OUTPUT_FILE_0}\"\n";
			showEnvVarsInLog = 0;
		};
		DFBAD11D339B747583D84CCF /* [CP] Copy Pods Resources */ = {
			isa = PBXShellScriptBuildPhase;
			buildActionMask = 2147483647;
			files = (
			);
			inputFileListPaths = (
				"${PODS_ROOT}/Target Support Files/Pods-VestelCarShow-VestelCarShowUITests/Pods-VestelCarShow-VestelCarShowUITests-resources-${CONFIGURATION}-input-files.xcfilelist",
			);
			name = "[CP] Copy Pods Resources";
			outputFileListPaths = (
				"${PODS_ROOT}/Target Support Files/Pods-VestelCarShow-VestelCarShowUITests/Pods-VestelCarShow-VestelCarShowUITests-resources-${CONFIGURATION}-output-files.xcfilelist",
			);
			runOnlyForDeploymentPostprocessing = 0;
			shellPath = /bin/sh;
			shellScript = "\"${PODS_ROOT}/Target Support Files/Pods-VestelCarShow-VestelCarShowUITests/Pods-VestelCarShow-VestelCarShowUITests-resources.sh\"\n";
			showEnvVarsInLog = 0;
		};
		FF40CF8F263A2B9300D6B673 /* ShellScript */ = {
			isa = PBXShellScriptBuildPhase;
			buildActionMask = 2147483647;
			files = (
			);
			inputFileListPaths = (
			);
			inputPaths = (
				"${DWARF_DSYM_FOLDER_PATH}/${DWARF_DSYM_FILE_NAME}/Contents/Resources/DWARF/${TARGET_NAME}",
				"$(SRCROOT)/$(BUILT_PRODUCTS_DIR)/$(INFOPLIST_PATH)",
			);
			outputFileListPaths = (
			);
			outputPaths = (
			);
			runOnlyForDeploymentPostprocessing = 0;
			shellPath = /bin/sh;
			shellScript = "# Type a script or drag a script file from your workspace to insert its path.\n\"${PODS_ROOT}/FirebaseCrashlytics/run\"\n";
		};
/* End PBXShellScriptBuildPhase section */

/* Begin PBXSourcesBuildPhase section */
		FF40CF4B263A18F900D6B673 /* Sources */ = {
			isa = PBXSourcesBuildPhase;
			buildActionMask = 2147483647;
			files = (
				FFC48D482644781000EC5B76 /* RealmCell.swift in Sources */,
				FFC48D492644781000EC5B76 /* CarImageView.swift in Sources */,
				FFC48D5F2644785200EC5B76 /* HomeController.swift in Sources */,
				FFC48D502644783900EC5B76 /* CarsViewModel.swift in Sources */,
				FFC48D38264477A600EC5B76 /* Constants.swift in Sources */,
				FFC48D612644785200EC5B76 /* HomeController+CollectionView.swift in Sources */,
				FFC48D3A264477A600EC5B76 /* Extensions.swift in Sources */,
				FFC48D672644785200EC5B76 /* SignUpController.swift in Sources */,
				FFC48D652644785200EC5B76 /* AddNewCarController.swift in Sources */,
				FFC48D4F2644783900EC5B76 /* RealmViewModel.swift in Sources */,
				FFC48D642644785200EC5B76 /* AddNewCarController+handlers.swift in Sources */,
				FFC48D622644785200EC5B76 /* CarDetailController+TableView.swift in Sources */,
				FFC48D662644785200EC5B76 /* LoginController.swift in Sources */,
				FFC48D42264477FB00EC5B76 /* CarModel.swift in Sources */,
				FFC48D6A2644E16E00EC5B76 /* PersonModel.swift in Sources */,
				FFC48D602644785200EC5B76 /* HomeController+FetchingData.swift in Sources */,
				FFC48D6B2644FB6A00EC5B76 /* RealmService.swift in Sources */,
				FFC48D632644785200EC5B76 /* CarDetailController.swift in Sources */,
				FF40CF53263A18F900D6B673 /* AppDelegate.swift in Sources */,
				FFC48D3B264477A600EC5B76 /* Reachability.swift in Sources */,
				FFC48D472644781000EC5B76 /* CarCell.swift in Sources */,
			);
			runOnlyForDeploymentPostprocessing = 0;
		};
		FF40CF61263A18FD00D6B673 /* Sources */ = {
			isa = PBXSourcesBuildPhase;
			buildActionMask = 2147483647;
			files = (
				FF40CF6A263A18FD00D6B673 /* VestelCarShowTests.swift in Sources */,
			);
			runOnlyForDeploymentPostprocessing = 0;
		};
		FF40CF6C263A18FD00D6B673 /* Sources */ = {
			isa = PBXSourcesBuildPhase;
			buildActionMask = 2147483647;
			files = (
				FF40CF75263A18FD00D6B673 /* VestelCarShowUITests.swift in Sources */,
			);
			runOnlyForDeploymentPostprocessing = 0;
		};
/* End PBXSourcesBuildPhase section */

/* Begin PBXTargetDependency section */
		FF40CF67263A18FD00D6B673 /* PBXTargetDependency */ = {
			isa = PBXTargetDependency;
			target = FF40CF4E263A18F900D6B673 /* VestelCarShow */;
			targetProxy = FF40CF66263A18FD00D6B673 /* PBXContainerItemProxy */;
		};
		FF40CF72263A18FD00D6B673 /* PBXTargetDependency */ = {
			isa = PBXTargetDependency;
			target = FF40CF4E263A18F900D6B673 /* VestelCarShow */;
			targetProxy = FF40CF71263A18FD00D6B673 /* PBXContainerItemProxy */;
		};
/* End PBXTargetDependency section */

/* Begin PBXVariantGroup section */
		FF40CF58263A18F900D6B673 /* Main.storyboard */ = {
			isa = PBXVariantGroup;
			children = (
				FF40CF59263A18F900D6B673 /* Base */,
			);
			name = Main.storyboard;
			sourceTree = "<group>";
		};
		FF40CF5D263A18FD00D6B673 /* LaunchScreen.storyboard */ = {
			isa = PBXVariantGroup;
			children = (
				FF40CF5E263A18FD00D6B673 /* Base */,
			);
			name = LaunchScreen.storyboard;
			sourceTree = "<group>";
		};
/* End PBXVariantGroup section */

/* Begin XCBuildConfiguration section */
		FF40CF77263A18FD00D6B673 /* Debug */ = {
			isa = XCBuildConfiguration;
			buildSettings = {
				ALWAYS_SEARCH_USER_PATHS = NO;
				CLANG_ANALYZER_NONNULL = YES;
				CLANG_ANALYZER_NUMBER_OBJECT_CONVERSION = YES_AGGRESSIVE;
				CLANG_CXX_LANGUAGE_STANDARD = "gnu++14";
				CLANG_CXX_LIBRARY = "libc++";
				CLANG_ENABLE_MODULES = YES;
				CLANG_ENABLE_OBJC_ARC = YES;
				CLANG_ENABLE_OBJC_WEAK = YES;
				CLANG_WARN_BLOCK_CAPTURE_AUTORELEASING = YES;
				CLANG_WARN_BOOL_CONVERSION = YES;
				CLANG_WARN_COMMA = YES;
				CLANG_WARN_CONSTANT_CONVERSION = YES;
				CLANG_WARN_DEPRECATED_OBJC_IMPLEMENTATIONS = YES;
				CLANG_WARN_DIRECT_OBJC_ISA_USAGE = YES_ERROR;
				CLANG_WARN_DOCUMENTATION_COMMENTS = YES;
				CLANG_WARN_EMPTY_BODY = YES;
				CLANG_WARN_ENUM_CONVERSION = YES;
				CLANG_WARN_INFINITE_RECURSION = YES;
				CLANG_WARN_INT_CONVERSION = YES;
				CLANG_WARN_NON_LITERAL_NULL_CONVERSION = YES;
				CLANG_WARN_OBJC_IMPLICIT_RETAIN_SELF = YES;
				CLANG_WARN_OBJC_LITERAL_CONVERSION = YES;
				CLANG_WARN_OBJC_ROOT_CLASS = YES_ERROR;
				CLANG_WARN_QUOTED_INCLUDE_IN_FRAMEWORK_HEADER = YES;
				CLANG_WARN_RANGE_LOOP_ANALYSIS = YES;
				CLANG_WARN_STRICT_PROTOTYPES = YES;
				CLANG_WARN_SUSPICIOUS_MOVE = YES;
				CLANG_WARN_UNGUARDED_AVAILABILITY = YES_AGGRESSIVE;
				CLANG_WARN_UNREACHABLE_CODE = YES;
				CLANG_WARN__DUPLICATE_METHOD_MATCH = YES;
				COPY_PHASE_STRIP = NO;
				DEBUG_INFORMATION_FORMAT = dwarf;
				ENABLE_STRICT_OBJC_MSGSEND = YES;
				ENABLE_TESTABILITY = YES;
				GCC_C_LANGUAGE_STANDARD = gnu11;
				GCC_DYNAMIC_NO_PIC = NO;
				GCC_NO_COMMON_BLOCKS = YES;
				GCC_OPTIMIZATION_LEVEL = 0;
				GCC_PREPROCESSOR_DEFINITIONS = (
					"DEBUG=1",
					"$(inherited)",
				);
				GCC_WARN_64_TO_32_BIT_CONVERSION = YES;
				GCC_WARN_ABOUT_RETURN_TYPE = YES_ERROR;
				GCC_WARN_UNDECLARED_SELECTOR = YES;
				GCC_WARN_UNINITIALIZED_AUTOS = YES_AGGRESSIVE;
				GCC_WARN_UNUSED_FUNCTION = YES;
				GCC_WARN_UNUSED_VARIABLE = YES;
				IPHONEOS_DEPLOYMENT_TARGET = 14.0;
				MTL_ENABLE_DEBUG_INFO = INCLUDE_SOURCE;
				MTL_FAST_MATH = YES;
				ONLY_ACTIVE_ARCH = YES;
				SDKROOT = iphoneos;
				SWIFT_ACTIVE_COMPILATION_CONDITIONS = DEBUG;
				SWIFT_OPTIMIZATION_LEVEL = "-Onone";
			};
			name = Debug;
		};
		FF40CF78263A18FD00D6B673 /* Release */ = {
			isa = XCBuildConfiguration;
			buildSettings = {
				ALWAYS_SEARCH_USER_PATHS = NO;
				CLANG_ANALYZER_NONNULL = YES;
				CLANG_ANALYZER_NUMBER_OBJECT_CONVERSION = YES_AGGRESSIVE;
				CLANG_CXX_LANGUAGE_STANDARD = "gnu++14";
				CLANG_CXX_LIBRARY = "libc++";
				CLANG_ENABLE_MODULES = YES;
				CLANG_ENABLE_OBJC_ARC = YES;
				CLANG_ENABLE_OBJC_WEAK = YES;
				CLANG_WARN_BLOCK_CAPTURE_AUTORELEASING = YES;
				CLANG_WARN_BOOL_CONVERSION = YES;
				CLANG_WARN_COMMA = YES;
				CLANG_WARN_CONSTANT_CONVERSION = YES;
				CLANG_WARN_DEPRECATED_OBJC_IMPLEMENTATIONS = YES;
				CLANG_WARN_DIRECT_OBJC_ISA_USAGE = YES_ERROR;
				CLANG_WARN_DOCUMENTATION_COMMENTS = YES;
				CLANG_WARN_EMPTY_BODY = YES;
				CLANG_WARN_ENUM_CONVERSION = YES;
				CLANG_WARN_INFINITE_RECURSION = YES;
				CLANG_WARN_INT_CONVERSION = YES;
				CLANG_WARN_NON_LITERAL_NULL_CONVERSION = YES;
				CLANG_WARN_OBJC_IMPLICIT_RETAIN_SELF = YES;
				CLANG_WARN_OBJC_LITERAL_CONVERSION = YES;
				CLANG_WARN_OBJC_ROOT_CLASS = YES_ERROR;
				CLANG_WARN_QUOTED_INCLUDE_IN_FRAMEWORK_HEADER = YES;
				CLANG_WARN_RANGE_LOOP_ANALYSIS = YES;
				CLANG_WARN_STRICT_PROTOTYPES = YES;
				CLANG_WARN_SUSPICIOUS_MOVE = YES;
				CLANG_WARN_UNGUARDED_AVAILABILITY = YES_AGGRESSIVE;
				CLANG_WARN_UNREACHABLE_CODE = YES;
				CLANG_WARN__DUPLICATE_METHOD_MATCH = YES;
				COPY_PHASE_STRIP = NO;
				DEBUG_INFORMATION_FORMAT = "dwarf-with-dsym";
				ENABLE_NS_ASSERTIONS = NO;
				ENABLE_STRICT_OBJC_MSGSEND = YES;
				GCC_C_LANGUAGE_STANDARD = gnu11;
				GCC_NO_COMMON_BLOCKS = YES;
				GCC_WARN_64_TO_32_BIT_CONVERSION = YES;
				GCC_WARN_ABOUT_RETURN_TYPE = YES_ERROR;
				GCC_WARN_UNDECLARED_SELECTOR = YES;
				GCC_WARN_UNINITIALIZED_AUTOS = YES_AGGRESSIVE;
				GCC_WARN_UNUSED_FUNCTION = YES;
				GCC_WARN_UNUSED_VARIABLE = YES;
				IPHONEOS_DEPLOYMENT_TARGET = 14.0;
				MTL_ENABLE_DEBUG_INFO = NO;
				MTL_FAST_MATH = YES;
				SDKROOT = iphoneos;
				SWIFT_COMPILATION_MODE = wholemodule;
				SWIFT_OPTIMIZATION_LEVEL = "-O";
				VALIDATE_PRODUCT = YES;
			};
			name = Release;
		};
		FF40CF7A263A18FD00D6B673 /* Debug */ = {
			isa = XCBuildConfiguration;
			baseConfigurationReference = 202611E7913C4DB0CF8E9D9E /* Pods-VestelCarShow.debug.xcconfig */;
			buildSettings = {
				ASSETCATALOG_COMPILER_APPICON_NAME = AppIcon;
				ASSETCATALOG_COMPILER_GLOBAL_ACCENT_COLOR_NAME = AccentColor;
				CODE_SIGN_STYLE = Automatic;
				DEVELOPMENT_TEAM = VB972Q9UF7;
				INFOPLIST_FILE = VestelCarShow/Info.plist;
				LD_RUNPATH_SEARCH_PATHS = (
					"$(inherited)",
					"@executable_path/Frameworks",
				);
				PRODUCT_BUNDLE_IDENTIFIER = com.challenge.VestelCarShow;
				PRODUCT_NAME = "$(TARGET_NAME)";
				SWIFT_VERSION = 5.0;
				TARGETED_DEVICE_FAMILY = 1;
			};
			name = Debug;
		};
		FF40CF7B263A18FD00D6B673 /* Release */ = {
			isa = XCBuildConfiguration;
			baseConfigurationReference = A2540C36B3C99E8467A85C0A /* Pods-VestelCarShow.release.xcconfig */;
			buildSettings = {
				ASSETCATALOG_COMPILER_APPICON_NAME = AppIcon;
				ASSETCATALOG_COMPILER_GLOBAL_ACCENT_COLOR_NAME = AccentColor;
				CODE_SIGN_STYLE = Automatic;
				DEVELOPMENT_TEAM = VB972Q9UF7;
				INFOPLIST_FILE = VestelCarShow/Info.plist;
				LD_RUNPATH_SEARCH_PATHS = (
					"$(inherited)",
					"@executable_path/Frameworks",
				);
				PRODUCT_BUNDLE_IDENTIFIER = com.challenge.VestelCarShow;
				PRODUCT_NAME = "$(TARGET_NAME)";
				SWIFT_VERSION = 5.0;
				TARGETED_DEVICE_FAMILY = 1;
			};
			name = Release;
		};
		FF40CF7D263A18FD00D6B673 /* Debug */ = {
			isa = XCBuildConfiguration;
			baseConfigurationReference = CE9BBAEC10D25AAFB9F9BE10 /* Pods-VestelCarShowTests.debug.xcconfig */;
			buildSettings = {
				ALWAYS_EMBED_SWIFT_STANDARD_LIBRARIES = YES;
				BUNDLE_LOADER = "$(TEST_HOST)";
				CODE_SIGN_STYLE = Automatic;
				DEVELOPMENT_TEAM = VB972Q9UF7;
				INFOPLIST_FILE = VestelCarShowTests/Info.plist;
				IPHONEOS_DEPLOYMENT_TARGET = 14.5;
				LD_RUNPATH_SEARCH_PATHS = (
					"$(inherited)",
					"@executable_path/Frameworks",
					"@loader_path/Frameworks",
				);
				PRODUCT_BUNDLE_IDENTIFIER = com.challenge..VestelCarShowTests;
				PRODUCT_NAME = "$(TARGET_NAME)";
				SWIFT_VERSION = 5.0;
				TARGETED_DEVICE_FAMILY = "1,2";
				TEST_HOST = "$(BUILT_PRODUCTS_DIR)/VestelCarShow.app/VestelCarShow";
			};
			name = Debug;
		};
		FF40CF7E263A18FD00D6B673 /* Release */ = {
			isa = XCBuildConfiguration;
			baseConfigurationReference = CBC2EAF05EA63EB95F1AFFFB /* Pods-VestelCarShowTests.release.xcconfig */;
			buildSettings = {
				ALWAYS_EMBED_SWIFT_STANDARD_LIBRARIES = YES;
				BUNDLE_LOADER = "$(TEST_HOST)";
				CODE_SIGN_STYLE = Automatic;
				DEVELOPMENT_TEAM = VB972Q9UF7;
				INFOPLIST_FILE = VestelCarShowTests/Info.plist;
				IPHONEOS_DEPLOYMENT_TARGET = 14.5;
				LD_RUNPATH_SEARCH_PATHS = (
					"$(inherited)",
					"@executable_path/Frameworks",
					"@loader_path/Frameworks",
				);
				PRODUCT_BUNDLE_IDENTIFIER = com.challenge..VestelCarShowTests;
				PRODUCT_NAME = "$(TARGET_NAME)";
				SWIFT_VERSION = 5.0;
				TARGETED_DEVICE_FAMILY = "1,2";
				TEST_HOST = "$(BUILT_PRODUCTS_DIR)/VestelCarShow.app/VestelCarShow";
			};
			name = Release;
		};
		FF40CF80263A18FD00D6B673 /* Debug */ = {
			isa = XCBuildConfiguration;
			baseConfigurationReference = BCA2F9D62B8616CBDD895BF1 /* Pods-VestelCarShow-VestelCarShowUITests.debug.xcconfig */;
			buildSettings = {
				ALWAYS_EMBED_SWIFT_STANDARD_LIBRARIES = YES;
				CODE_SIGN_STYLE = Automatic;
				DEVELOPMENT_TEAM = VB972Q9UF7;
				INFOPLIST_FILE = VestelCarShowUITests/Info.plist;
				LD_RUNPATH_SEARCH_PATHS = (
					"$(inherited)",
					"@executable_path/Frameworks",
					"@loader_path/Frameworks",
				);
				PRODUCT_BUNDLE_IDENTIFIER = com.challenge..VestelCarShowUITests;
				PRODUCT_NAME = "$(TARGET_NAME)";
				SWIFT_VERSION = 5.0;
				TARGETED_DEVICE_FAMILY = "1,2";
				TEST_TARGET_NAME = VestelCarShow;
			};
			name = Debug;
		};
		FF40CF81263A18FD00D6B673 /* Release */ = {
			isa = XCBuildConfiguration;
			baseConfigurationReference = 9ECD07E1273290E191794302 /* Pods-VestelCarShow-VestelCarShowUITests.release.xcconfig */;
			buildSettings = {
				ALWAYS_EMBED_SWIFT_STANDARD_LIBRARIES = YES;
				CODE_SIGN_STYLE = Automatic;
				DEVELOPMENT_TEAM = VB972Q9UF7;
				INFOPLIST_FILE = VestelCarShowUITests/Info.plist;
				LD_RUNPATH_SEARCH_PATHS = (
					"$(inherited)",
					"@executable_path/Frameworks",
					"@loader_path/Frameworks",
				);
				PRODUCT_BUNDLE_IDENTIFIER = com.challenge..VestelCarShowUITests;
				PRODUCT_NAME = "$(TARGET_NAME)";
				SWIFT_VERSION = 5.0;
				TARGETED_DEVICE_FAMILY = "1,2";
				TEST_TARGET_NAME = VestelCarShow;
			};
			name = Release;
		};
/* End XCBuildConfiguration section */

/* Begin XCConfigurationList section */
		FF40CF4A263A18F900D6B673 /* Build configuration list for PBXProject "VestelCarShow" */ = {
			isa = XCConfigurationList;
			buildConfigurations = (
				FF40CF77263A18FD00D6B673 /* Debug */,
				FF40CF78263A18FD00D6B673 /* Release */,
			);
			defaultConfigurationIsVisible = 0;
			defaultConfigurationName = Release;
		};
		FF40CF79263A18FD00D6B673 /* Build configuration list for PBXNativeTarget "VestelCarShow" */ = {
			isa = XCConfigurationList;
			buildConfigurations = (
				FF40CF7A263A18FD00D6B673 /* Debug */,
				FF40CF7B263A18FD00D6B673 /* Release */,
			);
			defaultConfigurationIsVisible = 0;
			defaultConfigurationName = Release;
		};
		FF40CF7C263A18FD00D6B673 /* Build configuration list for PBXNativeTarget "VestelCarShowTests" */ = {
			isa = XCConfigurationList;
			buildConfigurations = (
				FF40CF7D263A18FD00D6B673 /* Debug */,
				FF40CF7E263A18FD00D6B673 /* Release */,
			);
			defaultConfigurationIsVisible = 0;
			defaultConfigurationName = Release;
		};
		FF40CF7F263A18FD00D6B673 /* Build configuration list for PBXNativeTarget "VestelCarShowUITests" */ = {
			isa = XCConfigurationList;
			buildConfigurations = (
				FF40CF80263A18FD00D6B673 /* Debug */,
				FF40CF81263A18FD00D6B673 /* Release */,
			);
			defaultConfigurationIsVisible = 0;
			defaultConfigurationName = Release;
		};
/* End XCConfigurationList section */
	};
	rootObject = FF40CF47263A18F900D6B673 /* Project object */;
}
